// !$*UTF8*$!
{
	archiveVersion = 1;
	classes = {
	};
	objectVersion = 56;
	objects = {

/* Begin PBXBuildFile section */
		961A66E42A18C61800445B99 /* ConstantsCV.swift in Sources */ = {isa = PBXBuildFile; fileRef = 961A66E32A18C61800445B99 /* ConstantsCV.swift */; };
		961A66F22A1E3AAE00445B99 /* SearchCellContract.swift in Sources */ = {isa = PBXBuildFile; fileRef = 961A66F12A1E3AAE00445B99 /* SearchCellContract.swift */; };
		961BFE6F29F16DC8009838AA /* String+Extension.swift in Sources */ = {isa = PBXBuildFile; fileRef = 961BFE6E29F16DC8009838AA /* String+Extension.swift */; };
		961F14022A3748E600BF9A7C /* SearchVMTests.swift in Sources */ = {isa = PBXBuildFile; fileRef = 961F14012A3748E600BF9A7C /* SearchVMTests.swift */; };
		961F14042A3748FA00BF9A7C /* DetailVMTests.swift in Sources */ = {isa = PBXBuildFile; fileRef = 961F14032A3748FA00BF9A7C /* DetailVMTests.swift */; };
		961F14082A374B6900BF9A7C /* MockSearchVC.swift in Sources */ = {isa = PBXBuildFile; fileRef = 961F14072A374B6900BF9A7C /* MockSearchVC.swift */; };
		961F140A2A374B7C00BF9A7C /* MockDetailVC.swift in Sources */ = {isa = PBXBuildFile; fileRef = 961F14092A374B7C00BF9A7C /* MockDetailVC.swift */; };
		964E536C2A23F1C8008EC9E4 /* SearchVC+UISearchBarDelegate.swift in Sources */ = {isa = PBXBuildFile; fileRef = 964E536B2A23F1C8008EC9E4 /* SearchVC+UISearchBarDelegate.swift */; };
		964E536E2A23F2E6008EC9E4 /* SearchVC+UICollectionViewDelegateFlowLayout.swift in Sources */ = {isa = PBXBuildFile; fileRef = 964E536D2A23F2E6008EC9E4 /* SearchVC+UICollectionViewDelegateFlowLayout.swift */; };
		964E53702A23F34E008EC9E4 /* SearchVC+UICollectionViewDelegate.swift in Sources */ = {isa = PBXBuildFile; fileRef = 964E536F2A23F34E008EC9E4 /* SearchVC+UICollectionViewDelegate.swift */; };
		964E53722A23F39D008EC9E4 /* SearchVC+UICollectionViewDataSource.swift in Sources */ = {isa = PBXBuildFile; fileRef = 964E53712A23F39D008EC9E4 /* SearchVC+UICollectionViewDataSource.swift */; };
		964E537A2A23F558008EC9E4 /* SearchVC+DetailViewModelDelegate.swift in Sources */ = {isa = PBXBuildFile; fileRef = 964E53792A23F558008EC9E4 /* SearchVC+DetailViewModelDelegate.swift */; };
		964E537C2A23F591008EC9E4 /* SearchVC+SearchViewModelDelegate.swift in Sources */ = {isa = PBXBuildFile; fileRef = 964E537B2A23F591008EC9E4 /* SearchVC+SearchViewModelDelegate.swift */; };
		964E537F2A23F66F008EC9E4 /* SearchVC+SearchVCContract.swift in Sources */ = {isa = PBXBuildFile; fileRef = 964E537E2A23F66F008EC9E4 /* SearchVC+SearchVCContract.swift */; };
		964E53822A23F78D008EC9E4 /* SearchVC+SearchVCContractHelper.swift in Sources */ = {isa = PBXBuildFile; fileRef = 964E53812A23F78D008EC9E4 /* SearchVC+SearchVCContractHelper.swift */; };
		9651B18D2A02852600D94A6F /* SearchVC+UICollectionViewDelegateFlowLayout+Pseudo.swift in Sources */ = {isa = PBXBuildFile; fileRef = 9651B18C2A02852600D94A6F /* SearchVC+UICollectionViewDelegateFlowLayout+Pseudo.swift */; };
		9651B18F2A03BCA500D94A6F /* TopDto.swift in Sources */ = {isa = PBXBuildFile; fileRef = 9651B18E2A03BCA500D94A6F /* TopDto.swift */; };
		9651B1912A03C7E600D94A6F /* Top+Model.swift in Sources */ = {isa = PBXBuildFile; fileRef = 9651B1902A03C7E600D94A6F /* Top+Model.swift */; };
		9651B1952A04294800D94A6F /* ReusableHeaderBar.swift in Sources */ = {isa = PBXBuildFile; fileRef = 9651B1932A04294800D94A6F /* ReusableHeaderBar.swift */; };
		9651B1962A04294800D94A6F /* ReusableHeaderBar.xib in Resources */ = {isa = PBXBuildFile; fileRef = 9651B1942A04294800D94A6F /* ReusableHeaderBar.xib */; };
		9651B1982A057AF100D94A6F /* UIView+Extension.swift in Sources */ = {isa = PBXBuildFile; fileRef = 9651B1972A057AF100D94A6F /* UIView+Extension.swift */; };
		9662827629F58DDA001A8338 /* InternetManager.swift in Sources */ = {isa = PBXBuildFile; fileRef = 9662827529F58DDA001A8338 /* InternetManager.swift */; };
		967395CE29E9D94900D3403F /* SearchVM.swift in Sources */ = {isa = PBXBuildFile; fileRef = 967395CD29E9D94900D3403F /* SearchVM.swift */; };
		967395D129EAB76E00D3403F /* MediaType.swift in Sources */ = {isa = PBXBuildFile; fileRef = 967395D029EAB76E00D3403F /* MediaType.swift */; };
		967395D629EB268C00D3403F /* SearchCell+Model.swift in Sources */ = {isa = PBXBuildFile; fileRef = 967395D529EB268C00D3403F /* SearchCell+Model.swift */; };
		9689A94F29F7EB6100C2BA82 /* SearchCell.swift in Sources */ = {isa = PBXBuildFile; fileRef = 9689A94D29F7EB6100C2BA82 /* SearchCell.swift */; };
		9689A95029F7EB6100C2BA82 /* SearchCell.xib in Resources */ = {isa = PBXBuildFile; fileRef = 9689A94E29F7EB6100C2BA82 /* SearchCell.xib */; };
		9689A95329F966E700C2BA82 /* PagingSpinnerReusableFooter.swift in Sources */ = {isa = PBXBuildFile; fileRef = 9689A95129F966E700C2BA82 /* PagingSpinnerReusableFooter.swift */; };
		9689A95429F966E700C2BA82 /* PagingSpinnerReusableFooter.xib in Resources */ = {isa = PBXBuildFile; fileRef = 9689A95229F966E700C2BA82 /* PagingSpinnerReusableFooter.xib */; };
		9689A95829F998B400C2BA82 /* ConstantsApp.swift in Sources */ = {isa = PBXBuildFile; fileRef = 9689A95729F998B400C2BA82 /* ConstantsApp.swift */; };
		9694A91229E31C93000B010E /* AppDelegate.swift in Sources */ = {isa = PBXBuildFile; fileRef = 9694A91129E31C93000B010E /* AppDelegate.swift */; };
		9694A91629E31C93000B010E /* SearchVC.swift in Sources */ = {isa = PBXBuildFile; fileRef = 9694A91529E31C93000B010E /* SearchVC.swift */; };
		9694A91B29E31C94000B010E /* Assets.xcassets in Resources */ = {isa = PBXBuildFile; fileRef = 9694A91A29E31C94000B010E /* Assets.xcassets */; };
		9694A91E29E31C94000B010E /* LaunchScreen.storyboard in Resources */ = {isa = PBXBuildFile; fileRef = 9694A91C29E31C94000B010E /* LaunchScreen.storyboard */; };
		96A4230F2A240850006B0BDF /* SearchVM+SearchVMContract.swift in Sources */ = {isa = PBXBuildFile; fileRef = 96A4230E2A240850006B0BDF /* SearchVM+SearchVMContract.swift */; };
		96A423122A24100B006B0BDF /* SearchVM+SearchModelDelegate.swift in Sources */ = {isa = PBXBuildFile; fileRef = 96A423112A24100B006B0BDF /* SearchVM+SearchModelDelegate.swift */; };
		96A423152A241288006B0BDF /* SearchVM+SearchVMContractHelper.swift in Sources */ = {isa = PBXBuildFile; fileRef = 96A423142A241288006B0BDF /* SearchVM+SearchVMContractHelper.swift */; };
		96A4231B2A24B6D3006B0BDF /* DetailVC+DetailViewContract.swift in Sources */ = {isa = PBXBuildFile; fileRef = 96A4231A2A24B6D3006B0BDF /* DetailVC+DetailViewContract.swift */; };
		96A4231E2A24B6F5006B0BDF /* DetailVC+DetailViewContractHelper.swift in Sources */ = {isa = PBXBuildFile; fileRef = 96A4231D2A24B6F5006B0BDF /* DetailVC+DetailViewContractHelper.swift */; };
		96A423232A24B8F7006B0BDF /* DetailVC+WKNavigationDelegate.swift in Sources */ = {isa = PBXBuildFile; fileRef = 96A423222A24B8F7006B0BDF /* DetailVC+WKNavigationDelegate.swift */; };
		96A423292A24BDA5006B0BDF /* DetailVM+DetailVMContract.swift in Sources */ = {isa = PBXBuildFile; fileRef = 96A423282A24BDA5006B0BDF /* DetailVM+DetailVMContract.swift */; };
		96A4232C2A24BE88006B0BDF /* DetailVM+DetailModelDelegate.swift in Sources */ = {isa = PBXBuildFile; fileRef = 96A4232B2A24BE88006B0BDF /* DetailVM+DetailModelDelegate.swift */; };
		96A423322A24EDA2006B0BDF /* Detail.storyboard in Resources */ = {isa = PBXBuildFile; fileRef = 96A423312A24EDA2006B0BDF /* Detail.storyboard */; };
		96A423342A24EE0F006B0BDF /* Search.storyboard in Resources */ = {isa = PBXBuildFile; fileRef = 96A423332A24EE0F006B0BDF /* Search.storyboard */; };
		96B5868529EDD06D004F5B27 /* DetailModel.swift in Sources */ = {isa = PBXBuildFile; fileRef = 96B5868429EDD06D004F5B27 /* DetailModel.swift */; };
		96B5868729EDD1FE004F5B27 /* DetailVM.swift in Sources */ = {isa = PBXBuildFile; fileRef = 96B5868629EDD1FE004F5B27 /* DetailVM.swift */; };
		96B5868929EDD20E004F5B27 /* DetailVC.swift in Sources */ = {isa = PBXBuildFile; fileRef = 96B5868829EDD20E004F5B27 /* DetailVC.swift */; };
		96B5868B29EDD2FE004F5B27 /* DetailDto.swift in Sources */ = {isa = PBXBuildFile; fileRef = 96B5868A29EDD2FE004F5B27 /* DetailDto.swift */; };
		96B5868E29EFE097004F5B27 /* Detail+Model.swift in Sources */ = {isa = PBXBuildFile; fileRef = 96B5868D29EFE097004F5B27 /* Detail+Model.swift */; };
		96D3211C2A267D52006FFF84 /* ReusableFooterBar.swift in Sources */ = {isa = PBXBuildFile; fileRef = 96D3211A2A267D52006FFF84 /* ReusableFooterBar.swift */; };
		96D3211D2A267D52006FFF84 /* ReusableFooterBar.xib in Resources */ = {isa = PBXBuildFile; fileRef = 96D3211B2A267D52006FFF84 /* ReusableFooterBar.xib */; };
		96D321212A27C818006FFF84 /* SearchCell+SearchCellContract.swift in Sources */ = {isa = PBXBuildFile; fileRef = 96D321202A27C818006FFF84 /* SearchCell+SearchCellContract.swift */; };
		96D321232A27CE06006FFF84 /* CachingQuery.swift in Sources */ = {isa = PBXBuildFile; fileRef = 96D321222A27CE06006FFF84 /* CachingQuery.swift */; };
		96D321252A28F8F1006FFF84 /* SearchVM+SearchVMContract+Pseudo2.swift in Sources */ = {isa = PBXBuildFile; fileRef = 96D321242A28F8F1006FFF84 /* SearchVM+SearchVMContract+Pseudo2.swift */; };
		96DA79732A2D37600073A405 /* SearchVC+Extension.swift in Sources */ = {isa = PBXBuildFile; fileRef = 96DA79722A2D37600073A405 /* SearchVC+Extension.swift */; };
		96DA79762A30A6070073A405 /* MemoryOptimization.swift in Sources */ = {isa = PBXBuildFile; fileRef = 96DA79752A30A6070073A405 /* MemoryOptimization.swift */; };
		96DA79782A30A91F0073A405 /* Testing.swift in Sources */ = {isa = PBXBuildFile; fileRef = 96DA79772A30A91F0073A405 /* Testing.swift */; };
		96E8225529F2C473009B56F0 /* HardCoded+String.swift in Sources */ = {isa = PBXBuildFile; fileRef = 96E8225429F2C473009B56F0 /* HardCoded+String.swift */; };
		96E8225729F2E267009B56F0 /* HardCoded+Api.swift in Sources */ = {isa = PBXBuildFile; fileRef = 96E8225629F2E267009B56F0 /* HardCoded+Api.swift */; };
		96E8225929F305E8009B56F0 /* DetailVC+Extension.swift in Sources */ = {isa = PBXBuildFile; fileRef = 96E8225829F305E8009B56F0 /* DetailVC+Extension.swift */; };
		96E8226029F30EC9009B56F0 /* SearchCell+Extension.swift in Sources */ = {isa = PBXBuildFile; fileRef = 96E8225F29F30EC9009B56F0 /* SearchCell+Extension.swift */; };
		96E8226E29F44B11009B56F0 /* UIImage+Extension.swift in Sources */ = {isa = PBXBuildFile; fileRef = 96E8226D29F44B11009B56F0 /* UIImage+Extension.swift */; };
		96E83D1E29E65BBD001B517E /* Kingfisher in Frameworks */ = {isa = PBXBuildFile; productRef = 96E83D1D29E65BBD001B517E /* Kingfisher */; };
		96E83D2B29E71816001B517E /* SearchDto.swift in Sources */ = {isa = PBXBuildFile; fileRef = 96E83D2A29E71816001B517E /* SearchDto.swift */; };
		96E83D3329E71C02001B517E /* SearchModel.swift in Sources */ = {isa = PBXBuildFile; fileRef = 96E83D3229E71C02001B517E /* SearchModel.swift */; };
		96EDF4842A084D0200634BDF /* SearchVM+SearchVMContract+Pseudo.swift in Sources */ = {isa = PBXBuildFile; fileRef = 96EDF4832A084D0200634BDF /* SearchVM+SearchVMContract+Pseudo.swift */; };
		96EDF4872A095DB200634BDF /* ImageAndColor.swift in Sources */ = {isa = PBXBuildFile; fileRef = 96EDF4862A095DB200634BDF /* ImageAndColor.swift */; };
		96EDF4892A09998000634BDF /* SearchVM+Extension.swift in Sources */ = {isa = PBXBuildFile; fileRef = 96EDF4882A09998000634BDF /* SearchVM+Extension.swift */; };
		96EDF48B2A099C0600634BDF /* SearchVC+Contract.swift in Sources */ = {isa = PBXBuildFile; fileRef = 96EDF48A2A099C0600634BDF /* SearchVC+Contract.swift */; };
		96EDF48E2A099C7300634BDF /* SearchVM+Contract.swift in Sources */ = {isa = PBXBuildFile; fileRef = 96EDF48D2A099C7300634BDF /* SearchVM+Contract.swift */; };
		96EDF4912A099D7D00634BDF /* SearchVM+Delegate.swift in Sources */ = {isa = PBXBuildFile; fileRef = 96EDF4902A099D7D00634BDF /* SearchVM+Delegate.swift */; };
		96EDF4962A0A3C0D00634BDF /* DetailVM+Contract.swift in Sources */ = {isa = PBXBuildFile; fileRef = 96EDF4952A0A3C0D00634BDF /* DetailVM+Contract.swift */; };
		96EDF4982A0A3C2200634BDF /* DetailVM+Delegate.swift in Sources */ = {isa = PBXBuildFile; fileRef = 96EDF4972A0A3C2200634BDF /* DetailVM+Delegate.swift */; };
		96EDF4AD2A0BA04F00634BDF /* DetailView+Contract.swift in Sources */ = {isa = PBXBuildFile; fileRef = 96EDF4AC2A0BA04F00634BDF /* DetailView+Contract.swift */; };
		96EDF4B22A0DA14E00634BDF /* ItunesSearchAPI.swift in Sources */ = {isa = PBXBuildFile; fileRef = 96EDF4B12A0DA14E00634BDF /* ItunesSearchAPI.swift */; };
		96EDF4B42A0DA4C200634BDF /* Endpointable+Contract.swift in Sources */ = {isa = PBXBuildFile; fileRef = 96EDF4B32A0DA4C200634BDF /* Endpointable+Contract.swift */; };
		96EDF4B62A0DA4D500634BDF /* RequestType.swift in Sources */ = {isa = PBXBuildFile; fileRef = 96EDF4B52A0DA4D500634BDF /* RequestType.swift */; };
		96EDF4B82A0DA6DC00634BDF /* NetworkAdapter.swift in Sources */ = {isa = PBXBuildFile; fileRef = 96EDF4B72A0DA6DC00634BDF /* NetworkAdapter.swift */; };
		96EDF4BA2A0DAB7100634BDF /* Network+Error.swift in Sources */ = {isa = PBXBuildFile; fileRef = 96EDF4B92A0DAB7100634BDF /* Network+Error.swift */; };
		96EDF4BE2A0E51F500634BDF /* SearchQuery.swift in Sources */ = {isa = PBXBuildFile; fileRef = 96EDF4BD2A0E51F500634BDF /* SearchQuery.swift */; };
		96EDF4C02A0E7ACB00634BDF /* RequestQuery.swift in Sources */ = {isa = PBXBuildFile; fileRef = 96EDF4BF2A0E7ACB00634BDF /* RequestQuery.swift */; };
		96EDF4C22A0E812C00634BDF /* NetworkAdapter+Extension.swift in Sources */ = {isa = PBXBuildFile; fileRef = 96EDF4C12A0E812C00634BDF /* NetworkAdapter+Extension.swift */; };
		96EDF4C82A0E827700634BDF /* ItunesSearchAPI+Endpointable.swift in Sources */ = {isa = PBXBuildFile; fileRef = 96EDF4C72A0E827700634BDF /* ItunesSearchAPI+Endpointable.swift */; };
		96EDF4CB2A0FC22600634BDF /* SearchModelDelegate.swift in Sources */ = {isa = PBXBuildFile; fileRef = 96EDF4CA2A0FC22600634BDF /* SearchModelDelegate.swift */; };
		96EDF4CF2A0FF2F000634BDF /* DetailModelDelegate.swift in Sources */ = {isa = PBXBuildFile; fileRef = 96EDF4CE2A0FF2F000634BDF /* DetailModelDelegate.swift */; };
		96EDF4D12A100D2C00634BDF /* CompactDetail.swift in Sources */ = {isa = PBXBuildFile; fileRef = 96EDF4D02A100D2C00634BDF /* CompactDetail.swift */; };
/* End PBXBuildFile section */

/* Begin PBXContainerItemProxy section */
		961F13F92A3747A300BF9A7C /* PBXContainerItemProxy */ = {
			isa = PBXContainerItemProxy;
			containerPortal = 9694A90629E31C93000B010E /* Project object */;
			proxyType = 1;
			remoteGlobalIDString = 9694A90D29E31C93000B010E;
			remoteInfo = "ItunesSearch-App";
		};
/* End PBXContainerItemProxy section */

/* Begin PBXFileReference section */
		961A66E32A18C61800445B99 /* ConstantsCV.swift */ = {isa = PBXFileReference; lastKnownFileType = sourcecode.swift; path = ConstantsCV.swift; sourceTree = "<group>"; };
		961A66F12A1E3AAE00445B99 /* SearchCellContract.swift */ = {isa = PBXFileReference; lastKnownFileType = sourcecode.swift; path = SearchCellContract.swift; sourceTree = "<group>"; };
		961BFE6E29F16DC8009838AA /* String+Extension.swift */ = {isa = PBXFileReference; lastKnownFileType = sourcecode.swift; path = "String+Extension.swift"; sourceTree = "<group>"; };
		961F13F52A3747A200BF9A7C /* ItunesSearch-AppTests.xctest */ = {isa = PBXFileReference; explicitFileType = wrapper.cfbundle; includeInIndex = 0; path = "ItunesSearch-AppTests.xctest"; sourceTree = BUILT_PRODUCTS_DIR; };
		961F14012A3748E600BF9A7C /* SearchVMTests.swift */ = {isa = PBXFileReference; lastKnownFileType = sourcecode.swift; path = SearchVMTests.swift; sourceTree = "<group>"; };
		961F14032A3748FA00BF9A7C /* DetailVMTests.swift */ = {isa = PBXFileReference; lastKnownFileType = sourcecode.swift; path = DetailVMTests.swift; sourceTree = "<group>"; };
		961F14072A374B6900BF9A7C /* MockSearchVC.swift */ = {isa = PBXFileReference; lastKnownFileType = sourcecode.swift; path = MockSearchVC.swift; sourceTree = "<group>"; };
		961F14092A374B7C00BF9A7C /* MockDetailVC.swift */ = {isa = PBXFileReference; lastKnownFileType = sourcecode.swift; path = MockDetailVC.swift; sourceTree = "<group>"; };
		964E536B2A23F1C8008EC9E4 /* SearchVC+UISearchBarDelegate.swift */ = {isa = PBXFileReference; lastKnownFileType = sourcecode.swift; path = "SearchVC+UISearchBarDelegate.swift"; sourceTree = "<group>"; };
		964E536D2A23F2E6008EC9E4 /* SearchVC+UICollectionViewDelegateFlowLayout.swift */ = {isa = PBXFileReference; lastKnownFileType = sourcecode.swift; path = "SearchVC+UICollectionViewDelegateFlowLayout.swift"; sourceTree = "<group>"; };
		964E536F2A23F34E008EC9E4 /* SearchVC+UICollectionViewDelegate.swift */ = {isa = PBXFileReference; lastKnownFileType = sourcecode.swift; path = "SearchVC+UICollectionViewDelegate.swift"; sourceTree = "<group>"; };
		964E53712A23F39D008EC9E4 /* SearchVC+UICollectionViewDataSource.swift */ = {isa = PBXFileReference; lastKnownFileType = sourcecode.swift; path = "SearchVC+UICollectionViewDataSource.swift"; sourceTree = "<group>"; };
		964E53792A23F558008EC9E4 /* SearchVC+DetailViewModelDelegate.swift */ = {isa = PBXFileReference; lastKnownFileType = sourcecode.swift; path = "SearchVC+DetailViewModelDelegate.swift"; sourceTree = "<group>"; };
		964E537B2A23F591008EC9E4 /* SearchVC+SearchViewModelDelegate.swift */ = {isa = PBXFileReference; lastKnownFileType = sourcecode.swift; path = "SearchVC+SearchViewModelDelegate.swift"; sourceTree = "<group>"; };
		964E537E2A23F66F008EC9E4 /* SearchVC+SearchVCContract.swift */ = {isa = PBXFileReference; lastKnownFileType = sourcecode.swift; path = "SearchVC+SearchVCContract.swift"; sourceTree = "<group>"; };
		964E53812A23F78D008EC9E4 /* SearchVC+SearchVCContractHelper.swift */ = {isa = PBXFileReference; lastKnownFileType = sourcecode.swift; path = "SearchVC+SearchVCContractHelper.swift"; sourceTree = "<group>"; };
		9651B18C2A02852600D94A6F /* SearchVC+UICollectionViewDelegateFlowLayout+Pseudo.swift */ = {isa = PBXFileReference; lastKnownFileType = sourcecode.swift; path = "SearchVC+UICollectionViewDelegateFlowLayout+Pseudo.swift"; sourceTree = "<group>"; };
		9651B18E2A03BCA500D94A6F /* TopDto.swift */ = {isa = PBXFileReference; lastKnownFileType = sourcecode.swift; path = TopDto.swift; sourceTree = "<group>"; };
		9651B1902A03C7E600D94A6F /* Top+Model.swift */ = {isa = PBXFileReference; lastKnownFileType = sourcecode.swift; path = "Top+Model.swift"; sourceTree = "<group>"; };
		9651B1932A04294800D94A6F /* ReusableHeaderBar.swift */ = {isa = PBXFileReference; lastKnownFileType = sourcecode.swift; path = ReusableHeaderBar.swift; sourceTree = "<group>"; };
		9651B1942A04294800D94A6F /* ReusableHeaderBar.xib */ = {isa = PBXFileReference; lastKnownFileType = file.xib; path = ReusableHeaderBar.xib; sourceTree = "<group>"; };
		9651B1972A057AF100D94A6F /* UIView+Extension.swift */ = {isa = PBXFileReference; lastKnownFileType = sourcecode.swift; path = "UIView+Extension.swift"; sourceTree = "<group>"; };
		9662827529F58DDA001A8338 /* InternetManager.swift */ = {isa = PBXFileReference; lastKnownFileType = sourcecode.swift; path = InternetManager.swift; sourceTree = "<group>"; };
		967395CD29E9D94900D3403F /* SearchVM.swift */ = {isa = PBXFileReference; lastKnownFileType = sourcecode.swift; path = SearchVM.swift; sourceTree = "<group>"; };
		967395D029EAB76E00D3403F /* MediaType.swift */ = {isa = PBXFileReference; lastKnownFileType = sourcecode.swift; path = MediaType.swift; sourceTree = "<group>"; };
		967395D529EB268C00D3403F /* SearchCell+Model.swift */ = {isa = PBXFileReference; lastKnownFileType = sourcecode.swift; path = "SearchCell+Model.swift"; sourceTree = "<group>"; };
		9689A94D29F7EB6100C2BA82 /* SearchCell.swift */ = {isa = PBXFileReference; lastKnownFileType = sourcecode.swift; path = SearchCell.swift; sourceTree = "<group>"; };
		9689A94E29F7EB6100C2BA82 /* SearchCell.xib */ = {isa = PBXFileReference; lastKnownFileType = file.xib; path = SearchCell.xib; sourceTree = "<group>"; };
		9689A95129F966E700C2BA82 /* PagingSpinnerReusableFooter.swift */ = {isa = PBXFileReference; lastKnownFileType = sourcecode.swift; path = PagingSpinnerReusableFooter.swift; sourceTree = "<group>"; };
		9689A95229F966E700C2BA82 /* PagingSpinnerReusableFooter.xib */ = {isa = PBXFileReference; lastKnownFileType = file.xib; path = PagingSpinnerReusableFooter.xib; sourceTree = "<group>"; };
		9689A95729F998B400C2BA82 /* ConstantsApp.swift */ = {isa = PBXFileReference; lastKnownFileType = sourcecode.swift; path = ConstantsApp.swift; sourceTree = "<group>"; };
		9694A90E29E31C93000B010E /* ItunesSearch-App.app */ = {isa = PBXFileReference; explicitFileType = wrapper.application; includeInIndex = 0; path = "ItunesSearch-App.app"; sourceTree = BUILT_PRODUCTS_DIR; };
		9694A91129E31C93000B010E /* AppDelegate.swift */ = {isa = PBXFileReference; lastKnownFileType = sourcecode.swift; path = AppDelegate.swift; sourceTree = "<group>"; };
		9694A91529E31C93000B010E /* SearchVC.swift */ = {isa = PBXFileReference; lastKnownFileType = sourcecode.swift; path = SearchVC.swift; sourceTree = "<group>"; };
		9694A91A29E31C94000B010E /* Assets.xcassets */ = {isa = PBXFileReference; lastKnownFileType = folder.assetcatalog; path = Assets.xcassets; sourceTree = "<group>"; };
		9694A91D29E31C94000B010E /* Base */ = {isa = PBXFileReference; lastKnownFileType = file.storyboard; name = Base; path = Base.lproj/LaunchScreen.storyboard; sourceTree = "<group>"; };
		9694A91F29E31C94000B010E /* Info.plist */ = {isa = PBXFileReference; lastKnownFileType = text.plist.xml; path = Info.plist; sourceTree = "<group>"; };
		96A4230E2A240850006B0BDF /* SearchVM+SearchVMContract.swift */ = {isa = PBXFileReference; lastKnownFileType = sourcecode.swift; path = "SearchVM+SearchVMContract.swift"; sourceTree = "<group>"; };
		96A423112A24100B006B0BDF /* SearchVM+SearchModelDelegate.swift */ = {isa = PBXFileReference; lastKnownFileType = sourcecode.swift; path = "SearchVM+SearchModelDelegate.swift"; sourceTree = "<group>"; };
		96A423142A241288006B0BDF /* SearchVM+SearchVMContractHelper.swift */ = {isa = PBXFileReference; lastKnownFileType = sourcecode.swift; path = "SearchVM+SearchVMContractHelper.swift"; sourceTree = "<group>"; };
		96A4231A2A24B6D3006B0BDF /* DetailVC+DetailViewContract.swift */ = {isa = PBXFileReference; lastKnownFileType = sourcecode.swift; path = "DetailVC+DetailViewContract.swift"; sourceTree = "<group>"; };
		96A4231D2A24B6F5006B0BDF /* DetailVC+DetailViewContractHelper.swift */ = {isa = PBXFileReference; lastKnownFileType = sourcecode.swift; path = "DetailVC+DetailViewContractHelper.swift"; sourceTree = "<group>"; };
		96A423222A24B8F7006B0BDF /* DetailVC+WKNavigationDelegate.swift */ = {isa = PBXFileReference; lastKnownFileType = sourcecode.swift; path = "DetailVC+WKNavigationDelegate.swift"; sourceTree = "<group>"; };
		96A423282A24BDA5006B0BDF /* DetailVM+DetailVMContract.swift */ = {isa = PBXFileReference; lastKnownFileType = sourcecode.swift; path = "DetailVM+DetailVMContract.swift"; sourceTree = "<group>"; };
		96A4232B2A24BE88006B0BDF /* DetailVM+DetailModelDelegate.swift */ = {isa = PBXFileReference; lastKnownFileType = sourcecode.swift; path = "DetailVM+DetailModelDelegate.swift"; sourceTree = "<group>"; };
		96A423312A24EDA2006B0BDF /* Detail.storyboard */ = {isa = PBXFileReference; lastKnownFileType = file.storyboard; path = Detail.storyboard; sourceTree = "<group>"; };
		96A423332A24EE0F006B0BDF /* Search.storyboard */ = {isa = PBXFileReference; lastKnownFileType = file.storyboard; path = Search.storyboard; sourceTree = "<group>"; };
		96B5868429EDD06D004F5B27 /* DetailModel.swift */ = {isa = PBXFileReference; lastKnownFileType = sourcecode.swift; path = DetailModel.swift; sourceTree = "<group>"; };
		96B5868629EDD1FE004F5B27 /* DetailVM.swift */ = {isa = PBXFileReference; lastKnownFileType = sourcecode.swift; path = DetailVM.swift; sourceTree = "<group>"; };
		96B5868829EDD20E004F5B27 /* DetailVC.swift */ = {isa = PBXFileReference; lastKnownFileType = sourcecode.swift; path = DetailVC.swift; sourceTree = "<group>"; };
		96B5868A29EDD2FE004F5B27 /* DetailDto.swift */ = {isa = PBXFileReference; lastKnownFileType = sourcecode.swift; path = DetailDto.swift; sourceTree = "<group>"; };
		96B5868D29EFE097004F5B27 /* Detail+Model.swift */ = {isa = PBXFileReference; lastKnownFileType = sourcecode.swift; path = "Detail+Model.swift"; sourceTree = "<group>"; };
		96D3211A2A267D52006FFF84 /* ReusableFooterBar.swift */ = {isa = PBXFileReference; lastKnownFileType = sourcecode.swift; path = ReusableFooterBar.swift; sourceTree = "<group>"; };
		96D3211B2A267D52006FFF84 /* ReusableFooterBar.xib */ = {isa = PBXFileReference; lastKnownFileType = file.xib; path = ReusableFooterBar.xib; sourceTree = "<group>"; };
		96D321202A27C818006FFF84 /* SearchCell+SearchCellContract.swift */ = {isa = PBXFileReference; lastKnownFileType = sourcecode.swift; path = "SearchCell+SearchCellContract.swift"; sourceTree = "<group>"; };
		96D321222A27CE06006FFF84 /* CachingQuery.swift */ = {isa = PBXFileReference; lastKnownFileType = sourcecode.swift; path = CachingQuery.swift; sourceTree = "<group>"; };
		96D321242A28F8F1006FFF84 /* SearchVM+SearchVMContract+Pseudo2.swift */ = {isa = PBXFileReference; lastKnownFileType = sourcecode.swift; path = "SearchVM+SearchVMContract+Pseudo2.swift"; sourceTree = "<group>"; };
		96DA79722A2D37600073A405 /* SearchVC+Extension.swift */ = {isa = PBXFileReference; lastKnownFileType = sourcecode.swift; path = "SearchVC+Extension.swift"; sourceTree = "<group>"; };
		96DA79752A30A6070073A405 /* MemoryOptimization.swift */ = {isa = PBXFileReference; lastKnownFileType = sourcecode.swift; path = MemoryOptimization.swift; sourceTree = "<group>"; };
		96DA79772A30A91F0073A405 /* Testing.swift */ = {isa = PBXFileReference; lastKnownFileType = sourcecode.swift; path = Testing.swift; sourceTree = "<group>"; };
		96E8225429F2C473009B56F0 /* HardCoded+String.swift */ = {isa = PBXFileReference; lastKnownFileType = sourcecode.swift; path = "HardCoded+String.swift"; sourceTree = "<group>"; };
		96E8225629F2E267009B56F0 /* HardCoded+Api.swift */ = {isa = PBXFileReference; lastKnownFileType = sourcecode.swift; path = "HardCoded+Api.swift"; sourceTree = "<group>"; };
		96E8225829F305E8009B56F0 /* DetailVC+Extension.swift */ = {isa = PBXFileReference; lastKnownFileType = sourcecode.swift; path = "DetailVC+Extension.swift"; sourceTree = "<group>"; };
		96E8225F29F30EC9009B56F0 /* SearchCell+Extension.swift */ = {isa = PBXFileReference; lastKnownFileType = sourcecode.swift; path = "SearchCell+Extension.swift"; sourceTree = "<group>"; };
		96E8226D29F44B11009B56F0 /* UIImage+Extension.swift */ = {isa = PBXFileReference; lastKnownFileType = sourcecode.swift; path = "UIImage+Extension.swift"; sourceTree = "<group>"; };
		96E83D0829E5D7BC001B517E /* Itunes Search App.jpg */ = {isa = PBXFileReference; lastKnownFileType = image.jpeg; path = "Itunes Search App.jpg"; sourceTree = "<group>"; };
		96E83D2A29E71816001B517E /* SearchDto.swift */ = {isa = PBXFileReference; lastKnownFileType = sourcecode.swift; path = SearchDto.swift; sourceTree = "<group>"; };
		96E83D3229E71C02001B517E /* SearchModel.swift */ = {isa = PBXFileReference; lastKnownFileType = sourcecode.swift; path = SearchModel.swift; sourceTree = "<group>"; };
		96EDF4832A084D0200634BDF /* SearchVM+SearchVMContract+Pseudo.swift */ = {isa = PBXFileReference; lastKnownFileType = sourcecode.swift; path = "SearchVM+SearchVMContract+Pseudo.swift"; sourceTree = "<group>"; };
		96EDF4862A095DB200634BDF /* ImageAndColor.swift */ = {isa = PBXFileReference; lastKnownFileType = sourcecode.swift; path = ImageAndColor.swift; sourceTree = "<group>"; };
		96EDF4882A09998000634BDF /* SearchVM+Extension.swift */ = {isa = PBXFileReference; lastKnownFileType = sourcecode.swift; path = "SearchVM+Extension.swift"; sourceTree = "<group>"; };
		96EDF48A2A099C0600634BDF /* SearchVC+Contract.swift */ = {isa = PBXFileReference; lastKnownFileType = sourcecode.swift; path = "SearchVC+Contract.swift"; sourceTree = "<group>"; };
		96EDF48D2A099C7300634BDF /* SearchVM+Contract.swift */ = {isa = PBXFileReference; lastKnownFileType = sourcecode.swift; path = "SearchVM+Contract.swift"; sourceTree = "<group>"; };
		96EDF4902A099D7D00634BDF /* SearchVM+Delegate.swift */ = {isa = PBXFileReference; lastKnownFileType = sourcecode.swift; path = "SearchVM+Delegate.swift"; sourceTree = "<group>"; };
		96EDF4952A0A3C0D00634BDF /* DetailVM+Contract.swift */ = {isa = PBXFileReference; lastKnownFileType = sourcecode.swift; path = "DetailVM+Contract.swift"; sourceTree = "<group>"; };
		96EDF4972A0A3C2200634BDF /* DetailVM+Delegate.swift */ = {isa = PBXFileReference; lastKnownFileType = sourcecode.swift; path = "DetailVM+Delegate.swift"; sourceTree = "<group>"; };
		96EDF4AC2A0BA04F00634BDF /* DetailView+Contract.swift */ = {isa = PBXFileReference; lastKnownFileType = sourcecode.swift; path = "DetailView+Contract.swift"; sourceTree = "<group>"; };
		96EDF4B12A0DA14E00634BDF /* ItunesSearchAPI.swift */ = {isa = PBXFileReference; lastKnownFileType = sourcecode.swift; path = ItunesSearchAPI.swift; sourceTree = "<group>"; };
		96EDF4B32A0DA4C200634BDF /* Endpointable+Contract.swift */ = {isa = PBXFileReference; lastKnownFileType = sourcecode.swift; path = "Endpointable+Contract.swift"; sourceTree = "<group>"; };
		96EDF4B52A0DA4D500634BDF /* RequestType.swift */ = {isa = PBXFileReference; lastKnownFileType = sourcecode.swift; path = RequestType.swift; sourceTree = "<group>"; };
		96EDF4B72A0DA6DC00634BDF /* NetworkAdapter.swift */ = {isa = PBXFileReference; lastKnownFileType = sourcecode.swift; path = NetworkAdapter.swift; sourceTree = "<group>"; };
		96EDF4B92A0DAB7100634BDF /* Network+Error.swift */ = {isa = PBXFileReference; lastKnownFileType = sourcecode.swift; path = "Network+Error.swift"; sourceTree = "<group>"; };
		96EDF4BD2A0E51F500634BDF /* SearchQuery.swift */ = {isa = PBXFileReference; lastKnownFileType = sourcecode.swift; path = SearchQuery.swift; sourceTree = "<group>"; };
		96EDF4BF2A0E7ACB00634BDF /* RequestQuery.swift */ = {isa = PBXFileReference; lastKnownFileType = sourcecode.swift; path = RequestQuery.swift; sourceTree = "<group>"; };
		96EDF4C12A0E812C00634BDF /* NetworkAdapter+Extension.swift */ = {isa = PBXFileReference; lastKnownFileType = sourcecode.swift; path = "NetworkAdapter+Extension.swift"; sourceTree = "<group>"; };
		96EDF4C72A0E827700634BDF /* ItunesSearchAPI+Endpointable.swift */ = {isa = PBXFileReference; lastKnownFileType = sourcecode.swift; path = "ItunesSearchAPI+Endpointable.swift"; sourceTree = "<group>"; };
		96EDF4CA2A0FC22600634BDF /* SearchModelDelegate.swift */ = {isa = PBXFileReference; lastKnownFileType = sourcecode.swift; path = SearchModelDelegate.swift; sourceTree = "<group>"; };
		96EDF4CE2A0FF2F000634BDF /* DetailModelDelegate.swift */ = {isa = PBXFileReference; lastKnownFileType = sourcecode.swift; path = DetailModelDelegate.swift; sourceTree = "<group>"; };
		96EDF4D02A100D2C00634BDF /* CompactDetail.swift */ = {isa = PBXFileReference; lastKnownFileType = sourcecode.swift; path = CompactDetail.swift; sourceTree = "<group>"; };
/* End PBXFileReference section */

/* Begin PBXFrameworksBuildPhase section */
		961F13F22A3747A200BF9A7C /* Frameworks */ = {
			isa = PBXFrameworksBuildPhase;
			buildActionMask = 2147483647;
			files = (
			);
			runOnlyForDeploymentPostprocessing = 0;
		};
		9694A90B29E31C93000B010E /* Frameworks */ = {
			isa = PBXFrameworksBuildPhase;
			buildActionMask = 2147483647;
			files = (
				96E83D1E29E65BBD001B517E /* Kingfisher in Frameworks */,
			);
			runOnlyForDeploymentPostprocessing = 0;
		};
/* End PBXFrameworksBuildPhase section */

/* Begin PBXGroup section */
		961568872A16C434007282EF /* Supporting Files */ = {
			isa = PBXGroup;
			children = (
				9694A91129E31C93000B010E /* AppDelegate.swift */,
				9694A91C29E31C94000B010E /* LaunchScreen.storyboard */,
				9694A91A29E31C94000B010E /* Assets.xcassets */,
			);
			path = "Supporting Files";
			sourceTree = "<group>";
		};
		961A66E52A18E91300445B99 /* Search */ = {
			isa = PBXGroup;
			children = (
				961A66E72A18E92C00445B99 /* Model */,
				961A66E82A18E93D00445B99 /* View */,
				961A66E92A18E94900445B99 /* ViewModel */,
			);
			path = Search;
			sourceTree = "<group>";
		};
		961A66E62A18E91F00445B99 /* Detail */ = {
			isa = PBXGroup;
			children = (
				961A66EA2A18E96300445B99 /* Model */,
				961A66EB2A18E96300445B99 /* View */,
				961A66EC2A18E96300445B99 /* ViewModel */,
			);
			path = Detail;
			sourceTree = "<group>";
		};
		961A66E72A18E92C00445B99 /* Model */ = {
			isa = PBXGroup;
			children = (
				96EDF4A42A0A5C4600634BDF /* Utils */,
				96E83D3229E71C02001B517E /* SearchModel.swift */,
			);
			path = Model;
			sourceTree = "<group>";
		};
		961A66E82A18E93D00445B99 /* View */ = {
			isa = PBXGroup;
			children = (
				96EDF4A22A0A5C1300634BDF /* Utils */,
				96A423332A24EE0F006B0BDF /* Search.storyboard */,
				9694A91529E31C93000B010E /* SearchVC.swift */,
			);
			path = View;
			sourceTree = "<group>";
		};
		961A66E92A18E94900445B99 /* ViewModel */ = {
			isa = PBXGroup;
			children = (
				96EDF4A62A0A5CFD00634BDF /* Utils */,
				967395CD29E9D94900D3403F /* SearchVM.swift */,
			);
			path = ViewModel;
			sourceTree = "<group>";
		};
		961A66EA2A18E96300445B99 /* Model */ = {
			isa = PBXGroup;
			children = (
				96EDF4A32A0A5C3700634BDF /* Utils */,
				96B5868429EDD06D004F5B27 /* DetailModel.swift */,
			);
			path = Model;
			sourceTree = "<group>";
		};
		961A66EB2A18E96300445B99 /* View */ = {
			isa = PBXGroup;
			children = (
				96EDF4A52A0A5CE400634BDF /* Utils */,
				96A423312A24EDA2006B0BDF /* Detail.storyboard */,
				96B5868829EDD20E004F5B27 /* DetailVC.swift */,
			);
			path = View;
			sourceTree = "<group>";
		};
		961A66EC2A18E96300445B99 /* ViewModel */ = {
			isa = PBXGroup;
			children = (
				96EDF4A72A0A5D1200634BDF /* Utils */,
				96B5868629EDD1FE004F5B27 /* DetailVM.swift */,
			);
			path = ViewModel;
			sourceTree = "<group>";
		};
		961A66EE2A18EF4D00445B99 /* HardCoded */ = {
			isa = PBXGroup;
			children = (
				96E8225429F2C473009B56F0 /* HardCoded+String.swift */,
				96E8225629F2E267009B56F0 /* HardCoded+Api.swift */,
			);
			path = HardCoded;
			sourceTree = "<group>";
		};
		961A66EF2A1E3A7F00445B99 /* Utils */ = {
			isa = PBXGroup;
			children = (
				961A66F02A1E3A8500445B99 /* Protocols */,
				96D3211E2A27C7E1006FFF84 /* Extensions */,
				964E53682A23E265008EC9E4 /* Data Links */,
			);
			path = Utils;
			sourceTree = "<group>";
		};
		961A66F02A1E3A8500445B99 /* Protocols */ = {
			isa = PBXGroup;
			children = (
				961A66F12A1E3AAE00445B99 /* SearchCellContract.swift */,
			);
			path = Protocols;
			sourceTree = "<group>";
		};
		961A66F32A1E3CDA00445B99 /* Extensions */ = {
			isa = PBXGroup;
			children = (
				96A423252A24BD70006B0BDF /* Conformances */,
			);
			path = Extensions;
			sourceTree = "<group>";
		};
		961BFE6D29F16DB0009838AA /* Extensions+SDK */ = {
			isa = PBXGroup;
			children = (
				961BFE6E29F16DC8009838AA /* String+Extension.swift */,
				96E8226D29F44B11009B56F0 /* UIImage+Extension.swift */,
				9651B1972A057AF100D94A6F /* UIView+Extension.swift */,
			);
			path = "Extensions+SDK";
			sourceTree = "<group>";
		};
		961F13F62A3747A300BF9A7C /* ItunesSearch-AppTests */ = {
			isa = PBXGroup;
			children = (
				961F13FE2A37488100BF9A7C /* Screens */,
			);
			path = "ItunesSearch-AppTests";
			sourceTree = "<group>";
		};
		961F13FE2A37488100BF9A7C /* Screens */ = {
			isa = PBXGroup;
			children = (
				961F13FF2A37489100BF9A7C /* Search */,
				961F14002A37489700BF9A7C /* Detail */,
			);
			path = Screens;
			sourceTree = "<group>";
		};
		961F13FF2A37489100BF9A7C /* Search */ = {
			isa = PBXGroup;
			children = (
				961F14052A374AFF00BF9A7C /* MockView */,
				961F14012A3748E600BF9A7C /* SearchVMTests.swift */,
			);
			path = Search;
			sourceTree = "<group>";
		};
		961F14002A37489700BF9A7C /* Detail */ = {
			isa = PBXGroup;
			children = (
				961F14062A374B0600BF9A7C /* MockView */,
				961F14032A3748FA00BF9A7C /* DetailVMTests.swift */,
			);
			path = Detail;
			sourceTree = "<group>";
		};
		961F14052A374AFF00BF9A7C /* MockView */ = {
			isa = PBXGroup;
			children = (
				961F14072A374B6900BF9A7C /* MockSearchVC.swift */,
			);
			path = MockView;
			sourceTree = "<group>";
		};
		961F14062A374B0600BF9A7C /* MockView */ = {
			isa = PBXGroup;
			children = (
				961F14092A374B7C00BF9A7C /* MockDetailVC.swift */,
			);
			path = MockView;
			sourceTree = "<group>";
		};
		964E53622A23DA3E008EC9E4 /* DTO */ = {
			isa = PBXGroup;
			children = (
				96E83D2A29E71816001B517E /* SearchDto.swift */,
				9651B18E2A03BCA500D94A6F /* TopDto.swift */,
			);
			path = DTO;
			sourceTree = "<group>";
		};
		964E53632A23DA86008EC9E4 /* DTO */ = {
			isa = PBXGroup;
			children = (
				96B5868A29EDD2FE004F5B27 /* DetailDto.swift */,
			);
			path = DTO;
			sourceTree = "<group>";
		};
		964E53642A23DAA1008EC9E4 /* Model */ = {
			isa = PBXGroup;
			children = (
				967395D529EB268C00D3403F /* SearchCell+Model.swift */,
			);
			path = Model;
			sourceTree = "<group>";
		};
		964E53652A23DE3E008EC9E4 /* Model */ = {
			isa = PBXGroup;
			children = (
				96B5868D29EFE097004F5B27 /* Detail+Model.swift */,
			);
			path = Model;
			sourceTree = "<group>";
		};
		964E53662A23DFDE008EC9E4 /* Model */ = {
			isa = PBXGroup;
			children = (
				9651B1902A03C7E600D94A6F /* Top+Model.swift */,
			);
			path = Model;
			sourceTree = "<group>";
		};
		964E53672A23E242008EC9E4 /* Data Links */ = {
			isa = PBXGroup;
			children = (
				964E53622A23DA3E008EC9E4 /* DTO */,
				964E53662A23DFDE008EC9E4 /* Model */,
			);
			path = "Data Links";
			sourceTree = "<group>";
		};
		964E53682A23E265008EC9E4 /* Data Links */ = {
			isa = PBXGroup;
			children = (
				964E53642A23DAA1008EC9E4 /* Model */,
			);
			path = "Data Links";
			sourceTree = "<group>";
		};
		964E53692A23E2D1008EC9E4 /* Data Links */ = {
			isa = PBXGroup;
			children = (
				964E53632A23DA86008EC9E4 /* DTO */,
				964E53652A23DE3E008EC9E4 /* Model */,
			);
			path = "Data Links";
			sourceTree = "<group>";
		};
		964E536A2A23F171008EC9E4 /* Conformances */ = {
			isa = PBXGroup;
			children = (
				964E537D2A23F5FB008EC9E4 /* Contract */,
				96A4231F2A24B853006B0BDF /* Delegations */,
			);
			path = Conformances;
			sourceTree = "<group>";
		};
		964E53732A23F3A7008EC9E4 /* CollectionView */ = {
			isa = PBXGroup;
			children = (
				964E536F2A23F34E008EC9E4 /* SearchVC+UICollectionViewDelegate.swift */,
				964E53712A23F39D008EC9E4 /* SearchVC+UICollectionViewDataSource.swift */,
				964E536D2A23F2E6008EC9E4 /* SearchVC+UICollectionViewDelegateFlowLayout.swift */,
			);
			path = CollectionView;
			sourceTree = "<group>";
		};
		964E53742A23F3DC008EC9E4 /* SearchBar */ = {
			isa = PBXGroup;
			children = (
				964E536B2A23F1C8008EC9E4 /* SearchVC+UISearchBarDelegate.swift */,
			);
			path = SearchBar;
			sourceTree = "<group>";
		};
		964E53752A23F4D6008EC9E4 /* UIKit */ = {
			isa = PBXGroup;
			children = (
				964E53732A23F3A7008EC9E4 /* CollectionView */,
				964E53742A23F3DC008EC9E4 /* SearchBar */,
			);
			path = UIKit;
			sourceTree = "<group>";
		};
		964E53762A23F50E008EC9E4 /* Communication */ = {
			isa = PBXGroup;
			children = (
				964E53782A23F52F008EC9E4 /* Detail+ViewModel */,
				964E53772A23F527008EC9E4 /* Search+ViewModel */,
			);
			path = Communication;
			sourceTree = "<group>";
		};
		964E53772A23F527008EC9E4 /* Search+ViewModel */ = {
			isa = PBXGroup;
			children = (
				964E537B2A23F591008EC9E4 /* SearchVC+SearchViewModelDelegate.swift */,
			);
			path = "Search+ViewModel";
			sourceTree = "<group>";
		};
		964E53782A23F52F008EC9E4 /* Detail+ViewModel */ = {
			isa = PBXGroup;
			children = (
				964E53792A23F558008EC9E4 /* SearchVC+DetailViewModelDelegate.swift */,
			);
			path = "Detail+ViewModel";
			sourceTree = "<group>";
		};
		964E537D2A23F5FB008EC9E4 /* Contract */ = {
			isa = PBXGroup;
			children = (
				964E53832A23FBC3008EC9E4 /* Helper */,
				964E537E2A23F66F008EC9E4 /* SearchVC+SearchVCContract.swift */,
			);
			path = Contract;
			sourceTree = "<group>";
		};
		964E53832A23FBC3008EC9E4 /* Helper */ = {
			isa = PBXGroup;
			children = (
				964E53812A23F78D008EC9E4 /* SearchVC+SearchVCContractHelper.swift */,
			);
			path = Helper;
			sourceTree = "<group>";
		};
		964E53842A23FC9A008EC9E4 /* Class */ = {
			isa = PBXGroup;
			children = (
				96DA79722A2D37600073A405 /* SearchVC+Extension.swift */,
				96E8225F29F30EC9009B56F0 /* SearchCell+Extension.swift */,
			);
			path = Class;
			sourceTree = "<group>";
		};
		9651B18B2A02848500D94A6F /* Pseudocodes */ = {
			isa = PBXGroup;
			children = (
				9651B18C2A02852600D94A6F /* SearchVC+UICollectionViewDelegateFlowLayout+Pseudo.swift */,
				96EDF4832A084D0200634BDF /* SearchVM+SearchVMContract+Pseudo.swift */,
				96D321242A28F8F1006FFF84 /* SearchVM+SearchVMContract+Pseudo2.swift */,
			);
			path = Pseudocodes;
			sourceTree = "<group>";
		};
		9651B1922A04286700D94A6F /* CollectionView+ReusableHeader */ = {
			isa = PBXGroup;
			children = (
				96EC87B82A265E2F0001FE40 /* Bar */,
			);
			path = "CollectionView+ReusableHeader";
			sourceTree = "<group>";
		};
		967395CF29EAB73100D3403F /* Enums */ = {
			isa = PBXGroup;
			children = (
				961A66EE2A18EF4D00445B99 /* HardCoded */,
				967395D029EAB76E00D3403F /* MediaType.swift */,
			);
			path = Enums;
			sourceTree = "<group>";
		};
		9689A95529F96ECB00C2BA82 /* Components */ = {
			isa = PBXGroup;
			children = (
				96A4230A2A240590006B0BDF /* CollectionView+CustomCell */,
				9651B1922A04286700D94A6F /* CollectionView+ReusableHeader */,
				9689A95629F96F1D00C2BA82 /* CollectionView+ReusableFooter */,
			);
			path = Components;
			sourceTree = "<group>";
		};
		9689A95629F96F1D00C2BA82 /* CollectionView+ReusableFooter */ = {
			isa = PBXGroup;
			children = (
				96EC87B92A265E630001FE40 /* Bar */,
				96EC87B72A265E1E0001FE40 /* PagingSpinner */,
			);
			path = "CollectionView+ReusableFooter";
			sourceTree = "<group>";
		};
		9694A90529E31C93000B010E = {
			isa = PBXGroup;
			children = (
				9694A91029E31C93000B010E /* ItunesSearch-App */,
				961F13F62A3747A300BF9A7C /* ItunesSearch-AppTests */,
				9694A90F29E31C93000B010E /* Products */,
			);
			sourceTree = "<group>";
		};
		9694A90F29E31C93000B010E /* Products */ = {
			isa = PBXGroup;
			children = (
				9694A90E29E31C93000B010E /* ItunesSearch-App.app */,
				961F13F52A3747A200BF9A7C /* ItunesSearch-AppTests.xctest */,
			);
			name = Products;
			sourceTree = "<group>";
		};
		9694A91029E31C93000B010E /* ItunesSearch-App */ = {
			isa = PBXGroup;
			children = (
				9694A91F29E31C94000B010E /* Info.plist */,
				96EDF4702A07D37100634BDF /* Project Related */,
				961568872A16C434007282EF /* Supporting Files */,
				96EDF4AE2A0DA04800634BDF /* Network */,
				96E83D1629E65B26001B517E /* Utils */,
				96E83D3D29E93C5B001B517E /* Screens */,
			);
			path = "ItunesSearch-App";
			sourceTree = "<group>";
		};
		96A4230A2A240590006B0BDF /* CollectionView+CustomCell */ = {
			isa = PBXGroup;
			children = (
				96E83D3629E90E41001B517E /* SearchCell */,
			);
			path = "CollectionView+CustomCell";
			sourceTree = "<group>";
		};
		96A4230B2A240762006B0BDF /* Class Helpers */ = {
			isa = PBXGroup;
			children = (
				96EDF4882A09998000634BDF /* SearchVM+Extension.swift */,
			);
			path = "Class Helpers";
			sourceTree = "<group>";
		};
		96A4230C2A24076B006B0BDF /* Conformances */ = {
			isa = PBXGroup;
			children = (
				96A4230D2A240783006B0BDF /* Contract */,
				96A423102A240FCB006B0BDF /* Delegations */,
			);
			path = Conformances;
			sourceTree = "<group>";
		};
		96A4230D2A240783006B0BDF /* Contract */ = {
			isa = PBXGroup;
			children = (
				96A423132A24124F006B0BDF /* Helper */,
				96A4230E2A240850006B0BDF /* SearchVM+SearchVMContract.swift */,
			);
			path = Contract;
			sourceTree = "<group>";
		};
		96A423102A240FCB006B0BDF /* Delegations */ = {
			isa = PBXGroup;
			children = (
				96A423242A24BC29006B0BDF /* Communication */,
			);
			path = Delegations;
			sourceTree = "<group>";
		};
		96A423132A24124F006B0BDF /* Helper */ = {
			isa = PBXGroup;
			children = (
				96A423142A241288006B0BDF /* SearchVM+SearchVMContractHelper.swift */,
			);
			path = Helper;
			sourceTree = "<group>";
		};
		96A423162A24B653006B0BDF /* Class Helpers */ = {
			isa = PBXGroup;
			children = (
				96E8225829F305E8009B56F0 /* DetailVC+Extension.swift */,
			);
			path = "Class Helpers";
			sourceTree = "<group>";
		};
		96A423182A24B672006B0BDF /* Conformances */ = {
			isa = PBXGroup;
			children = (
				96A423192A24B685006B0BDF /* Contract */,
				96A423202A24B8C4006B0BDF /* Delegations */,
			);
			path = Conformances;
			sourceTree = "<group>";
		};
		96A423192A24B685006B0BDF /* Contract */ = {
			isa = PBXGroup;
			children = (
				96A4231C2A24B6E4006B0BDF /* Helper */,
				96A4231A2A24B6D3006B0BDF /* DetailVC+DetailViewContract.swift */,
			);
			path = Contract;
			sourceTree = "<group>";
		};
		96A4231C2A24B6E4006B0BDF /* Helper */ = {
			isa = PBXGroup;
			children = (
				96A4231D2A24B6F5006B0BDF /* DetailVC+DetailViewContractHelper.swift */,
			);
			path = Helper;
			sourceTree = "<group>";
		};
		96A4231F2A24B853006B0BDF /* Delegations */ = {
			isa = PBXGroup;
			children = (
				964E53752A23F4D6008EC9E4 /* UIKit */,
				964E53762A23F50E008EC9E4 /* Communication */,
			);
			path = Delegations;
			sourceTree = "<group>";
		};
		96A423202A24B8C4006B0BDF /* Delegations */ = {
			isa = PBXGroup;
			children = (
				96A423212A24B8CF006B0BDF /* WebKit */,
			);
			path = Delegations;
			sourceTree = "<group>";
		};
		96A423212A24B8CF006B0BDF /* WebKit */ = {
			isa = PBXGroup;
			children = (
				96A423222A24B8F7006B0BDF /* DetailVC+WKNavigationDelegate.swift */,
			);
			path = WebKit;
			sourceTree = "<group>";
		};
		96A423242A24BC29006B0BDF /* Communication */ = {
			isa = PBXGroup;
			children = (
				96A423112A24100B006B0BDF /* SearchVM+SearchModelDelegate.swift */,
			);
			path = Communication;
			sourceTree = "<group>";
		};
		96A423252A24BD70006B0BDF /* Conformances */ = {
			isa = PBXGroup;
			children = (
				96A423262A24BD77006B0BDF /* Contract */,
				96A423272A24BD7F006B0BDF /* Delegations */,
			);
			path = Conformances;
			sourceTree = "<group>";
		};
		96A423262A24BD77006B0BDF /* Contract */ = {
			isa = PBXGroup;
			children = (
				96A423282A24BDA5006B0BDF /* DetailVM+DetailVMContract.swift */,
			);
			path = Contract;
			sourceTree = "<group>";
		};
		96A423272A24BD7F006B0BDF /* Delegations */ = {
			isa = PBXGroup;
			children = (
				96A4232A2A24BE69006B0BDF /* Communication */,
			);
			path = Delegations;
			sourceTree = "<group>";
		};
		96A4232A2A24BE69006B0BDF /* Communication */ = {
			isa = PBXGroup;
			children = (
				96A4232B2A24BE88006B0BDF /* DetailVM+DetailModelDelegate.swift */,
			);
			path = Communication;
			sourceTree = "<group>";
		};
		96A4232D2A24E7E3006B0BDF /* Class  */ = {
			isa = PBXGroup;
			children = (
				96EDF4C12A0E812C00634BDF /* NetworkAdapter+Extension.swift */,
			);
			path = "Class ";
			sourceTree = "<group>";
		};
		96A4232E2A24E7FA006B0BDF /* Conformances */ = {
			isa = PBXGroup;
			children = (
				96A4232F2A24EA46006B0BDF /* Contract */,
			);
			path = Conformances;
			sourceTree = "<group>";
		};
		96A4232F2A24EA46006B0BDF /* Contract */ = {
			isa = PBXGroup;
			children = (
				96EDF4C72A0E827700634BDF /* ItunesSearchAPI+Endpointable.swift */,
			);
			path = Contract;
			sourceTree = "<group>";
		};
		96A423302A24EC5F006B0BDF /* Structs */ = {
			isa = PBXGroup;
			children = (
				96EDF4BF2A0E7ACB00634BDF /* RequestQuery.swift */,
			);
			path = Structs;
			sourceTree = "<group>";
		};
		96D3211E2A27C7E1006FFF84 /* Extensions */ = {
			isa = PBXGroup;
			children = (
				96D3211F2A27C7E9006FFF84 /* Conformances */,
			);
			path = Extensions;
			sourceTree = "<group>";
		};
		96D3211F2A27C7E9006FFF84 /* Conformances */ = {
			isa = PBXGroup;
			children = (
				96D321202A27C818006FFF84 /* SearchCell+SearchCellContract.swift */,
			);
			path = Conformances;
			sourceTree = "<group>";
		};
		96DA79742A30A5F00073A405 /* Notes */ = {
			isa = PBXGroup;
			children = (
				96DA79752A30A6070073A405 /* MemoryOptimization.swift */,
				96DA79772A30A91F0073A405 /* Testing.swift */,
			);
			path = Notes;
			sourceTree = "<group>";
		};
		96E83D0729E5D7BC001B517E /* Figma */ = {
			isa = PBXGroup;
			children = (
				96E83D0829E5D7BC001B517E /* Itunes Search App.jpg */,
			);
			path = Figma;
			sourceTree = "<group>";
		};
		96E83D1629E65B26001B517E /* Utils */ = {
			isa = PBXGroup;
			children = (
				967395CF29EAB73100D3403F /* Enums */,
				961BFE6D29F16DB0009838AA /* Extensions+SDK */,
				96EDF4A82A0A5D9D00634BDF /* Structs */,
			);
			path = Utils;
			sourceTree = "<group>";
		};
		96E83D3629E90E41001B517E /* SearchCell */ = {
			isa = PBXGroup;
			children = (
				961A66EF2A1E3A7F00445B99 /* Utils */,
				9689A94E29F7EB6100C2BA82 /* SearchCell.xib */,
				9689A94D29F7EB6100C2BA82 /* SearchCell.swift */,
			);
			path = SearchCell;
			sourceTree = "<group>";
		};
		96E83D3D29E93C5B001B517E /* Screens */ = {
			isa = PBXGroup;
			children = (
				961A66E52A18E91300445B99 /* Search */,
				961A66E62A18E91F00445B99 /* Detail */,
			);
			path = Screens;
			sourceTree = "<group>";
		};
		96EC87B72A265E1E0001FE40 /* PagingSpinner */ = {
			isa = PBXGroup;
			children = (
				9689A95229F966E700C2BA82 /* PagingSpinnerReusableFooter.xib */,
				9689A95129F966E700C2BA82 /* PagingSpinnerReusableFooter.swift */,
			);
			path = PagingSpinner;
			sourceTree = "<group>";
		};
		96EC87B82A265E2F0001FE40 /* Bar */ = {
			isa = PBXGroup;
			children = (
				9651B1942A04294800D94A6F /* ReusableHeaderBar.xib */,
				9651B1932A04294800D94A6F /* ReusableHeaderBar.swift */,
			);
			path = Bar;
			sourceTree = "<group>";
		};
		96EC87B92A265E630001FE40 /* Bar */ = {
			isa = PBXGroup;
			children = (
				96D3211B2A267D52006FFF84 /* ReusableFooterBar.xib */,
				96D3211A2A267D52006FFF84 /* ReusableFooterBar.swift */,
			);
			path = Bar;
			sourceTree = "<group>";
		};
		96EDF4702A07D37100634BDF /* Project Related */ = {
			isa = PBXGroup;
			children = (
				96DA79742A30A5F00073A405 /* Notes */,
				96E83D0729E5D7BC001B517E /* Figma */,
				9651B18B2A02848500D94A6F /* Pseudocodes */,
			);
			path = "Project Related";
			sourceTree = "<group>";
		};
		96EDF48F2A099D2100634BDF /* Protocols */ = {
			isa = PBXGroup;
			children = (
				96EDF48D2A099C7300634BDF /* SearchVM+Contract.swift */,
				96EDF4902A099D7D00634BDF /* SearchVM+Delegate.swift */,
			);
			path = Protocols;
			sourceTree = "<group>";
		};
		96EDF4922A099DB300634BDF /* Protocols */ = {
			isa = PBXGroup;
			children = (
				96EDF48A2A099C0600634BDF /* SearchVC+Contract.swift */,
			);
			path = Protocols;
			sourceTree = "<group>";
		};
		96EDF4942A0A3BF100634BDF /* Protocols */ = {
			isa = PBXGroup;
			children = (
				96EDF4952A0A3C0D00634BDF /* DetailVM+Contract.swift */,
				96EDF4972A0A3C2200634BDF /* DetailVM+Delegate.swift */,
			);
			path = Protocols;
			sourceTree = "<group>";
		};
		96EDF4992A0A58DD00634BDF /* Extensions */ = {
			isa = PBXGroup;
			children = (
				96A4230B2A240762006B0BDF /* Class Helpers */,
				96A4230C2A24076B006B0BDF /* Conformances */,
			);
			path = Extensions;
			sourceTree = "<group>";
		};
		96EDF49B2A0A594C00634BDF /* Extensions */ = {
			isa = PBXGroup;
			children = (
				964E53842A23FC9A008EC9E4 /* Class */,
				964E536A2A23F171008EC9E4 /* Conformances */,
			);
			path = Extensions;
			sourceTree = "<group>";
		};
		96EDF49C2A0A598500634BDF /* Extensions */ = {
			isa = PBXGroup;
			children = (
				96A423162A24B653006B0BDF /* Class Helpers */,
				96A423182A24B672006B0BDF /* Conformances */,
			);
			path = Extensions;
			sourceTree = "<group>";
		};
		96EDF49D2A0A598F00634BDF /* Protocols */ = {
			isa = PBXGroup;
			children = (
				96EDF4AC2A0BA04F00634BDF /* DetailView+Contract.swift */,
			);
			path = Protocols;
			sourceTree = "<group>";
		};
		96EDF4A22A0A5C1300634BDF /* Utils */ = {
			isa = PBXGroup;
			children = (
				96EDF4922A099DB300634BDF /* Protocols */,
				96EDF49B2A0A594C00634BDF /* Extensions */,
				9689A95529F96ECB00C2BA82 /* Components */,
			);
			path = Utils;
			sourceTree = "<group>";
		};
		96EDF4A32A0A5C3700634BDF /* Utils */ = {
			isa = PBXGroup;
			children = (
				96EDF4CD2A0FF20C00634BDF /* Protocols */,
				964E53692A23E2D1008EC9E4 /* Data Links */,
			);
			path = Utils;
			sourceTree = "<group>";
		};
		96EDF4A42A0A5C4600634BDF /* Utils */ = {
			isa = PBXGroup;
			children = (
				96EDF4C92A0FC21600634BDF /* Protocols */,
				964E53672A23E242008EC9E4 /* Data Links */,
			);
			path = Utils;
			sourceTree = "<group>";
		};
		96EDF4A52A0A5CE400634BDF /* Utils */ = {
			isa = PBXGroup;
			children = (
				96EDF49D2A0A598F00634BDF /* Protocols */,
				96EDF49C2A0A598500634BDF /* Extensions */,
			);
			path = Utils;
			sourceTree = "<group>";
		};
		96EDF4A62A0A5CFD00634BDF /* Utils */ = {
			isa = PBXGroup;
			children = (
				96EDF48F2A099D2100634BDF /* Protocols */,
				96EDF4992A0A58DD00634BDF /* Extensions */,
			);
			path = Utils;
			sourceTree = "<group>";
		};
		96EDF4A72A0A5D1200634BDF /* Utils */ = {
			isa = PBXGroup;
			children = (
				96EDF4942A0A3BF100634BDF /* Protocols */,
				961A66F32A1E3CDA00445B99 /* Extensions */,
			);
			path = Utils;
			sourceTree = "<group>";
		};
		96EDF4A82A0A5D9D00634BDF /* Structs */ = {
			isa = PBXGroup;
			children = (
				96EDF4BB2A0E519300634BDF /* Types */,
				96EDF4A92A0A5DDE00634BDF /* Constants */,
			);
			path = Structs;
			sourceTree = "<group>";
		};
		96EDF4A92A0A5DDE00634BDF /* Constants */ = {
			isa = PBXGroup;
			children = (
				9689A95729F998B400C2BA82 /* ConstantsApp.swift */,
				961A66E32A18C61800445B99 /* ConstantsCV.swift */,
			);
			path = Constants;
			sourceTree = "<group>";
		};
		96EDF4AE2A0DA04800634BDF /* Network */ = {
			isa = PBXGroup;
			children = (
				96EDF4C42A0E81A500634BDF /* Utils */,
				96EDF4B72A0DA6DC00634BDF /* NetworkAdapter.swift */,
			);
			path = Network;
			sourceTree = "<group>";
		};
		96EDF4BB2A0E519300634BDF /* Types */ = {
			isa = PBXGroup;
			children = (
				96EDF4862A095DB200634BDF /* ImageAndColor.swift */,
				96EDF4BD2A0E51F500634BDF /* SearchQuery.swift */,
				96EDF4D02A100D2C00634BDF /* CompactDetail.swift */,
				96D321222A27CE06006FFF84 /* CachingQuery.swift */,
			);
			path = Types;
			sourceTree = "<group>";
		};
		96EDF4C32A0E817C00634BDF /* Enums */ = {
			isa = PBXGroup;
			children = (
				96EDF4B12A0DA14E00634BDF /* ItunesSearchAPI.swift */,
				96EDF4B92A0DAB7100634BDF /* Network+Error.swift */,
				96EDF4B52A0DA4D500634BDF /* RequestType.swift */,
			);
			path = Enums;
			sourceTree = "<group>";
		};
		96EDF4C42A0E81A500634BDF /* Utils */ = {
			isa = PBXGroup;
			children = (
				96EDF4C62A0E821100634BDF /* Protocols */,
				96EDF4C52A0E81D200634BDF /* Extensions */,
				96EDF4C32A0E817C00634BDF /* Enums */,
				96A423302A24EC5F006B0BDF /* Structs */,
				96EDF4CC2A0FC70A00634BDF /* Managers */,
			);
			path = Utils;
			sourceTree = "<group>";
		};
		96EDF4C52A0E81D200634BDF /* Extensions */ = {
			isa = PBXGroup;
			children = (
				96A4232D2A24E7E3006B0BDF /* Class  */,
				96A4232E2A24E7FA006B0BDF /* Conformances */,
			);
			path = Extensions;
			sourceTree = "<group>";
		};
		96EDF4C62A0E821100634BDF /* Protocols */ = {
			isa = PBXGroup;
			children = (
				96EDF4B32A0DA4C200634BDF /* Endpointable+Contract.swift */,
			);
			path = Protocols;
			sourceTree = "<group>";
		};
		96EDF4C92A0FC21600634BDF /* Protocols */ = {
			isa = PBXGroup;
			children = (
				96EDF4CA2A0FC22600634BDF /* SearchModelDelegate.swift */,
			);
			path = Protocols;
			sourceTree = "<group>";
		};
		96EDF4CC2A0FC70A00634BDF /* Managers */ = {
			isa = PBXGroup;
			children = (
				9662827529F58DDA001A8338 /* InternetManager.swift */,
			);
			path = Managers;
			sourceTree = "<group>";
		};
		96EDF4CD2A0FF20C00634BDF /* Protocols */ = {
			isa = PBXGroup;
			children = (
				96EDF4CE2A0FF2F000634BDF /* DetailModelDelegate.swift */,
			);
			path = Protocols;
			sourceTree = "<group>";
		};
/* End PBXGroup section */

/* Begin PBXNativeTarget section */
		961F13F42A3747A200BF9A7C /* ItunesSearch-AppTests */ = {
			isa = PBXNativeTarget;
			buildConfigurationList = 961F13FD2A3747A300BF9A7C /* Build configuration list for PBXNativeTarget "ItunesSearch-AppTests" */;
			buildPhases = (
				961F13F12A3747A200BF9A7C /* Sources */,
				961F13F22A3747A200BF9A7C /* Frameworks */,
				961F13F32A3747A200BF9A7C /* Resources */,
			);
			buildRules = (
			);
			dependencies = (
				961F13FA2A3747A300BF9A7C /* PBXTargetDependency */,
			);
			name = "ItunesSearch-AppTests";
			productName = "ItunesSearch-AppTests";
			productReference = 961F13F52A3747A200BF9A7C /* ItunesSearch-AppTests.xctest */;
			productType = "com.apple.product-type.bundle.unit-test";
		};
		9694A90D29E31C93000B010E /* ItunesSearch-App */ = {
			isa = PBXNativeTarget;
			buildConfigurationList = 9694A92229E31C94000B010E /* Build configuration list for PBXNativeTarget "ItunesSearch-App" */;
			buildPhases = (
				9694A90A29E31C93000B010E /* Sources */,
				9694A90B29E31C93000B010E /* Frameworks */,
				9694A90C29E31C93000B010E /* Resources */,
			);
			buildRules = (
			);
			dependencies = (
			);
			name = "ItunesSearch-App";
			packageProductDependencies = (
				96E83D1D29E65BBD001B517E /* Kingfisher */,
			);
			productName = "ItunesSearch-App";
			productReference = 9694A90E29E31C93000B010E /* ItunesSearch-App.app */;
			productType = "com.apple.product-type.application";
		};
/* End PBXNativeTarget section */

/* Begin PBXProject section */
		9694A90629E31C93000B010E /* Project object */ = {
			isa = PBXProject;
			attributes = {
				BuildIndependentTargetsInParallel = 1;
				LastSwiftUpdateCheck = 1430;
				LastUpgradeCheck = 1430;
				TargetAttributes = {
					961F13F42A3747A200BF9A7C = {
						CreatedOnToolsVersion = 14.3.1;
						LastSwiftMigration = 1430;
						TestTargetID = 9694A90D29E31C93000B010E;
					};
					9694A90D29E31C93000B010E = {
						CreatedOnToolsVersion = 14.3;
					};
				};
			};
			buildConfigurationList = 9694A90929E31C93000B010E /* Build configuration list for PBXProject "ItunesSearch-App" */;
			compatibilityVersion = "Xcode 14.0";
			developmentRegion = en;
			hasScannedForEncodings = 0;
			knownRegions = (
				en,
				Base,
			);
			mainGroup = 9694A90529E31C93000B010E;
			packageReferences = (
				96E83D1C29E65BBD001B517E /* XCRemoteSwiftPackageReference "Kingfisher" */,
			);
			productRefGroup = 9694A90F29E31C93000B010E /* Products */;
			projectDirPath = "";
			projectRoot = "";
			targets = (
				9694A90D29E31C93000B010E /* ItunesSearch-App */,
				961F13F42A3747A200BF9A7C /* ItunesSearch-AppTests */,
			);
		};
/* End PBXProject section */

/* Begin PBXResourcesBuildPhase section */
		961F13F32A3747A200BF9A7C /* Resources */ = {
			isa = PBXResourcesBuildPhase;
			buildActionMask = 2147483647;
			files = (
			);
			runOnlyForDeploymentPostprocessing = 0;
		};
		9694A90C29E31C93000B010E /* Resources */ = {
			isa = PBXResourcesBuildPhase;
			buildActionMask = 2147483647;
			files = (
				9651B1962A04294800D94A6F /* ReusableHeaderBar.xib in Resources */,
				9689A95429F966E700C2BA82 /* PagingSpinnerReusableFooter.xib in Resources */,
				9694A91E29E31C94000B010E /* LaunchScreen.storyboard in Resources */,
				9689A95029F7EB6100C2BA82 /* SearchCell.xib in Resources */,
				96A423322A24EDA2006B0BDF /* Detail.storyboard in Resources */,
				96D3211D2A267D52006FFF84 /* ReusableFooterBar.xib in Resources */,
				9694A91B29E31C94000B010E /* Assets.xcassets in Resources */,
				96A423342A24EE0F006B0BDF /* Search.storyboard in Resources */,
			);
			runOnlyForDeploymentPostprocessing = 0;
		};
/* End PBXResourcesBuildPhase section */

/* Begin PBXSourcesBuildPhase section */
		961F13F12A3747A200BF9A7C /* Sources */ = {
			isa = PBXSourcesBuildPhase;
			buildActionMask = 2147483647;
			files = (
				961F14022A3748E600BF9A7C /* SearchVMTests.swift in Sources */,
				961F14082A374B6900BF9A7C /* MockSearchVC.swift in Sources */,
				961F14042A3748FA00BF9A7C /* DetailVMTests.swift in Sources */,
				961F140A2A374B7C00BF9A7C /* MockDetailVC.swift in Sources */,
			);
			runOnlyForDeploymentPostprocessing = 0;
		};
		9694A90A29E31C93000B010E /* Sources */ = {
			isa = PBXSourcesBuildPhase;
			buildActionMask = 2147483647;
			files = (
				96E8225929F305E8009B56F0 /* DetailVC+Extension.swift in Sources */,
				96EDF4B82A0DA6DC00634BDF /* NetworkAdapter.swift in Sources */,
				96EDF4B62A0DA4D500634BDF /* RequestType.swift in Sources */,
				96EDF4D12A100D2C00634BDF /* CompactDetail.swift in Sources */,
				96EDF48B2A099C0600634BDF /* SearchVC+Contract.swift in Sources */,
				96A423122A24100B006B0BDF /* SearchVM+SearchModelDelegate.swift in Sources */,
				964E53702A23F34E008EC9E4 /* SearchVC+UICollectionViewDelegate.swift in Sources */,
				964E53722A23F39D008EC9E4 /* SearchVC+UICollectionViewDataSource.swift in Sources */,
				96E8226E29F44B11009B56F0 /* UIImage+Extension.swift in Sources */,
				96D3211C2A267D52006FFF84 /* ReusableFooterBar.swift in Sources */,
				9662827629F58DDA001A8338 /* InternetManager.swift in Sources */,
				9689A95829F998B400C2BA82 /* ConstantsApp.swift in Sources */,
				961BFE6F29F16DC8009838AA /* String+Extension.swift in Sources */,
				96EDF4BA2A0DAB7100634BDF /* Network+Error.swift in Sources */,
				96D321252A28F8F1006FFF84 /* SearchVM+SearchVMContract+Pseudo2.swift in Sources */,
				967395D629EB268C00D3403F /* SearchCell+Model.swift in Sources */,
				96EDF48E2A099C7300634BDF /* SearchVM+Contract.swift in Sources */,
				96E83D2B29E71816001B517E /* SearchDto.swift in Sources */,
				967395CE29E9D94900D3403F /* SearchVM.swift in Sources */,
				96D321232A27CE06006FFF84 /* CachingQuery.swift in Sources */,
				9694A91629E31C93000B010E /* SearchVC.swift in Sources */,
				9689A94F29F7EB6100C2BA82 /* SearchCell.swift in Sources */,
				96A4232C2A24BE88006B0BDF /* DetailVM+DetailModelDelegate.swift in Sources */,
				964E537C2A23F591008EC9E4 /* SearchVC+SearchViewModelDelegate.swift in Sources */,
				964E537A2A23F558008EC9E4 /* SearchVC+DetailViewModelDelegate.swift in Sources */,
				96EDF4BE2A0E51F500634BDF /* SearchQuery.swift in Sources */,
				96DA79782A30A91F0073A405 /* Testing.swift in Sources */,
				96B5868B29EDD2FE004F5B27 /* DetailDto.swift in Sources */,
				9651B1952A04294800D94A6F /* ReusableHeaderBar.swift in Sources */,
				96EDF4CF2A0FF2F000634BDF /* DetailModelDelegate.swift in Sources */,
				96E83D3329E71C02001B517E /* SearchModel.swift in Sources */,
				96EDF4B22A0DA14E00634BDF /* ItunesSearchAPI.swift in Sources */,
				961A66F22A1E3AAE00445B99 /* SearchCellContract.swift in Sources */,
				96B5868E29EFE097004F5B27 /* Detail+Model.swift in Sources */,
				9651B1982A057AF100D94A6F /* UIView+Extension.swift in Sources */,
				9651B18F2A03BCA500D94A6F /* TopDto.swift in Sources */,
				96DA79762A30A6070073A405 /* MemoryOptimization.swift in Sources */,
				96EDF4C82A0E827700634BDF /* ItunesSearchAPI+Endpointable.swift in Sources */,
				96EDF4912A099D7D00634BDF /* SearchVM+Delegate.swift in Sources */,
				96EDF4CB2A0FC22600634BDF /* SearchModelDelegate.swift in Sources */,
				96B5868929EDD20E004F5B27 /* DetailVC.swift in Sources */,
				961A66E42A18C61800445B99 /* ConstantsCV.swift in Sources */,
				96EDF4C02A0E7ACB00634BDF /* RequestQuery.swift in Sources */,
				96EDF4842A084D0200634BDF /* SearchVM+SearchVMContract+Pseudo.swift in Sources */,
				96B5868729EDD1FE004F5B27 /* DetailVM.swift in Sources */,
				96EDF4B42A0DA4C200634BDF /* Endpointable+Contract.swift in Sources */,
				9651B1912A03C7E600D94A6F /* Top+Model.swift in Sources */,
				964E536E2A23F2E6008EC9E4 /* SearchVC+UICollectionViewDelegateFlowLayout.swift in Sources */,
				96A4230F2A240850006B0BDF /* SearchVM+SearchVMContract.swift in Sources */,
				96EDF4892A09998000634BDF /* SearchVM+Extension.swift in Sources */,
				964E53822A23F78D008EC9E4 /* SearchVC+SearchVCContractHelper.swift in Sources */,
				96E8225729F2E267009B56F0 /* HardCoded+Api.swift in Sources */,
				9689A95329F966E700C2BA82 /* PagingSpinnerReusableFooter.swift in Sources */,
				96EDF4C22A0E812C00634BDF /* NetworkAdapter+Extension.swift in Sources */,
				96A423232A24B8F7006B0BDF /* DetailVC+WKNavigationDelegate.swift in Sources */,
				96A423152A241288006B0BDF /* SearchVM+SearchVMContractHelper.swift in Sources */,
				96DA79732A2D37600073A405 /* SearchVC+Extension.swift in Sources */,
				9651B18D2A02852600D94A6F /* SearchVC+UICollectionViewDelegateFlowLayout+Pseudo.swift in Sources */,
				9694A91229E31C93000B010E /* AppDelegate.swift in Sources */,
				96EDF4962A0A3C0D00634BDF /* DetailVM+Contract.swift in Sources */,
				96E8226029F30EC9009B56F0 /* SearchCell+Extension.swift in Sources */,
				96D321212A27C818006FFF84 /* SearchCell+SearchCellContract.swift in Sources */,
				96A4231E2A24B6F5006B0BDF /* DetailVC+DetailViewContractHelper.swift in Sources */,
				96A423292A24BDA5006B0BDF /* DetailVM+DetailVMContract.swift in Sources */,
				96EDF4872A095DB200634BDF /* ImageAndColor.swift in Sources */,
				96EDF4AD2A0BA04F00634BDF /* DetailView+Contract.swift in Sources */,
				96E8225529F2C473009B56F0 /* HardCoded+String.swift in Sources */,
				96B5868529EDD06D004F5B27 /* DetailModel.swift in Sources */,
				964E536C2A23F1C8008EC9E4 /* SearchVC+UISearchBarDelegate.swift in Sources */,
				96EDF4982A0A3C2200634BDF /* DetailVM+Delegate.swift in Sources */,
				96A4231B2A24B6D3006B0BDF /* DetailVC+DetailViewContract.swift in Sources */,
				967395D129EAB76E00D3403F /* MediaType.swift in Sources */,
				964E537F2A23F66F008EC9E4 /* SearchVC+SearchVCContract.swift in Sources */,
			);
			runOnlyForDeploymentPostprocessing = 0;
		};
/* End PBXSourcesBuildPhase section */

/* Begin PBXTargetDependency section */
		961F13FA2A3747A300BF9A7C /* PBXTargetDependency */ = {
			isa = PBXTargetDependency;
			target = 9694A90D29E31C93000B010E /* ItunesSearch-App */;
			targetProxy = 961F13F92A3747A300BF9A7C /* PBXContainerItemProxy */;
		};
/* End PBXTargetDependency section */

/* Begin PBXVariantGroup section */
		9694A91C29E31C94000B010E /* LaunchScreen.storyboard */ = {
			isa = PBXVariantGroup;
			children = (
				9694A91D29E31C94000B010E /* Base */,
			);
			name = LaunchScreen.storyboard;
			sourceTree = "<group>";
		};
/* End PBXVariantGroup section */

/* Begin XCBuildConfiguration section */
		961F13FB2A3747A300BF9A7C /* Debug */ = {
			isa = XCBuildConfiguration;
			buildSettings = {
				BUNDLE_LOADER = "$(TEST_HOST)";
				CLANG_ENABLE_MODULES = YES;
				CODE_SIGN_STYLE = Automatic;
				CURRENT_PROJECT_VERSION = 1;
				DEVELOPMENT_TEAM = GQM8T6BKPB;
				GENERATE_INFOPLIST_FILE = YES;
				MARKETING_VERSION = 1.0;
				PRODUCT_BUNDLE_IDENTIFIER = "osman.sefa.ibis.ItunesSearch-AppTests";
				PRODUCT_NAME = "$(TARGET_NAME)";
				SWIFT_EMIT_LOC_STRINGS = NO;
				SWIFT_OPTIMIZATION_LEVEL = "-Onone";
				SWIFT_VERSION = 5.0;
				TARGETED_DEVICE_FAMILY = "1,2";
				TEST_HOST = "$(BUILT_PRODUCTS_DIR)/ItunesSearch-App.app/$(BUNDLE_EXECUTABLE_FOLDER_PATH)/ItunesSearch-App";
			};
			name = Debug;
		};
		961F13FC2A3747A300BF9A7C /* Release */ = {
			isa = XCBuildConfiguration;
			buildSettings = {
				BUNDLE_LOADER = "$(TEST_HOST)";
				CLANG_ENABLE_MODULES = YES;
				CODE_SIGN_STYLE = Automatic;
				CURRENT_PROJECT_VERSION = 1;
				DEVELOPMENT_TEAM = GQM8T6BKPB;
				GENERATE_INFOPLIST_FILE = YES;
				MARKETING_VERSION = 1.0;
				PRODUCT_BUNDLE_IDENTIFIER = "osman.sefa.ibis.ItunesSearch-AppTests";
				PRODUCT_NAME = "$(TARGET_NAME)";
				SWIFT_EMIT_LOC_STRINGS = NO;
				SWIFT_VERSION = 5.0;
				TARGETED_DEVICE_FAMILY = "1,2";
				TEST_HOST = "$(BUILT_PRODUCTS_DIR)/ItunesSearch-App.app/$(BUNDLE_EXECUTABLE_FOLDER_PATH)/ItunesSearch-App";
			};
			name = Release;
		};
		9694A92029E31C94000B010E /* Debug */ = {
			isa = XCBuildConfiguration;
			buildSettings = {
				ALWAYS_SEARCH_USER_PATHS = NO;
				CLANG_ANALYZER_NONNULL = YES;
				CLANG_ANALYZER_NUMBER_OBJECT_CONVERSION = YES_AGGRESSIVE;
				CLANG_CXX_LANGUAGE_STANDARD = "gnu++20";
				CLANG_ENABLE_MODULES = YES;
				CLANG_ENABLE_OBJC_ARC = YES;
				CLANG_ENABLE_OBJC_WEAK = YES;
				CLANG_WARN_BLOCK_CAPTURE_AUTORELEASING = YES;
				CLANG_WARN_BOOL_CONVERSION = YES;
				CLANG_WARN_COMMA = YES;
				CLANG_WARN_CONSTANT_CONVERSION = YES;
				CLANG_WARN_DEPRECATED_OBJC_IMPLEMENTATIONS = YES;
				CLANG_WARN_DIRECT_OBJC_ISA_USAGE = YES_ERROR;
				CLANG_WARN_DOCUMENTATION_COMMENTS = YES;
				CLANG_WARN_EMPTY_BODY = YES;
				CLANG_WARN_ENUM_CONVERSION = YES;
				CLANG_WARN_INFINITE_RECURSION = YES;
				CLANG_WARN_INT_CONVERSION = YES;
				CLANG_WARN_NON_LITERAL_NULL_CONVERSION = YES;
				CLANG_WARN_OBJC_IMPLICIT_RETAIN_SELF = YES;
				CLANG_WARN_OBJC_LITERAL_CONVERSION = YES;
				CLANG_WARN_OBJC_ROOT_CLASS = YES_ERROR;
				CLANG_WARN_QUOTED_INCLUDE_IN_FRAMEWORK_HEADER = YES;
				CLANG_WARN_RANGE_LOOP_ANALYSIS = YES;
				CLANG_WARN_STRICT_PROTOTYPES = YES;
				CLANG_WARN_SUSPICIOUS_MOVE = YES;
				CLANG_WARN_UNGUARDED_AVAILABILITY = YES_AGGRESSIVE;
				CLANG_WARN_UNREACHABLE_CODE = YES;
				CLANG_WARN__DUPLICATE_METHOD_MATCH = YES;
				COPY_PHASE_STRIP = NO;
				DEBUG_INFORMATION_FORMAT = dwarf;
				ENABLE_STRICT_OBJC_MSGSEND = YES;
				ENABLE_TESTABILITY = YES;
				GCC_C_LANGUAGE_STANDARD = gnu11;
				GCC_DYNAMIC_NO_PIC = NO;
				GCC_NO_COMMON_BLOCKS = YES;
				GCC_OPTIMIZATION_LEVEL = 0;
				GCC_PREPROCESSOR_DEFINITIONS = (
					"DEBUG=1",
					"$(inherited)",
				);
				GCC_WARN_64_TO_32_BIT_CONVERSION = YES;
				GCC_WARN_ABOUT_RETURN_TYPE = YES_ERROR;
				GCC_WARN_UNDECLARED_SELECTOR = YES;
				GCC_WARN_UNINITIALIZED_AUTOS = YES_AGGRESSIVE;
				GCC_WARN_UNUSED_FUNCTION = YES;
				GCC_WARN_UNUSED_VARIABLE = YES;
				IPHONEOS_DEPLOYMENT_TARGET = 16.4;
				MTL_ENABLE_DEBUG_INFO = INCLUDE_SOURCE;
				MTL_FAST_MATH = YES;
				ONLY_ACTIVE_ARCH = YES;
				SDKROOT = iphoneos;
				SWIFT_ACTIVE_COMPILATION_CONDITIONS = DEBUG;
				SWIFT_OPTIMIZATION_LEVEL = "-Onone";
			};
			name = Debug;
		};
		9694A92129E31C94000B010E /* Release */ = {
			isa = XCBuildConfiguration;
			buildSettings = {
				ALWAYS_SEARCH_USER_PATHS = NO;
				CLANG_ANALYZER_NONNULL = YES;
				CLANG_ANALYZER_NUMBER_OBJECT_CONVERSION = YES_AGGRESSIVE;
				CLANG_CXX_LANGUAGE_STANDARD = "gnu++20";
				CLANG_ENABLE_MODULES = YES;
				CLANG_ENABLE_OBJC_ARC = YES;
				CLANG_ENABLE_OBJC_WEAK = YES;
				CLANG_WARN_BLOCK_CAPTURE_AUTORELEASING = YES;
				CLANG_WARN_BOOL_CONVERSION = YES;
				CLANG_WARN_COMMA = YES;
				CLANG_WARN_CONSTANT_CONVERSION = YES;
				CLANG_WARN_DEPRECATED_OBJC_IMPLEMENTATIONS = YES;
				CLANG_WARN_DIRECT_OBJC_ISA_USAGE = YES_ERROR;
				CLANG_WARN_DOCUMENTATION_COMMENTS = YES;
				CLANG_WARN_EMPTY_BODY = YES;
				CLANG_WARN_ENUM_CONVERSION = YES;
				CLANG_WARN_INFINITE_RECURSION = YES;
				CLANG_WARN_INT_CONVERSION = YES;
				CLANG_WARN_NON_LITERAL_NULL_CONVERSION = YES;
				CLANG_WARN_OBJC_IMPLICIT_RETAIN_SELF = YES;
				CLANG_WARN_OBJC_LITERAL_CONVERSION = YES;
				CLANG_WARN_OBJC_ROOT_CLASS = YES_ERROR;
				CLANG_WARN_QUOTED_INCLUDE_IN_FRAMEWORK_HEADER = YES;
				CLANG_WARN_RANGE_LOOP_ANALYSIS = YES;
				CLANG_WARN_STRICT_PROTOTYPES = YES;
				CLANG_WARN_SUSPICIOUS_MOVE = YES;
				CLANG_WARN_UNGUARDED_AVAILABILITY = YES_AGGRESSIVE;
				CLANG_WARN_UNREACHABLE_CODE = YES;
				CLANG_WARN__DUPLICATE_METHOD_MATCH = YES;
				COPY_PHASE_STRIP = NO;
				DEBUG_INFORMATION_FORMAT = "dwarf-with-dsym";
				ENABLE_NS_ASSERTIONS = NO;
				ENABLE_STRICT_OBJC_MSGSEND = YES;
				GCC_C_LANGUAGE_STANDARD = gnu11;
				GCC_NO_COMMON_BLOCKS = YES;
				GCC_WARN_64_TO_32_BIT_CONVERSION = YES;
				GCC_WARN_ABOUT_RETURN_TYPE = YES_ERROR;
				GCC_WARN_UNDECLARED_SELECTOR = YES;
				GCC_WARN_UNINITIALIZED_AUTOS = YES_AGGRESSIVE;
				GCC_WARN_UNUSED_FUNCTION = YES;
				GCC_WARN_UNUSED_VARIABLE = YES;
				IPHONEOS_DEPLOYMENT_TARGET = 16.4;
				MTL_ENABLE_DEBUG_INFO = NO;
				MTL_FAST_MATH = YES;
				SDKROOT = iphoneos;
				SWIFT_COMPILATION_MODE = wholemodule;
				SWIFT_OPTIMIZATION_LEVEL = "-O";
				VALIDATE_PRODUCT = YES;
			};
			name = Release;
		};
		9694A92329E31C94000B010E /* Debug */ = {
			isa = XCBuildConfiguration;
			buildSettings = {
				ASSETCATALOG_COMPILER_APPICON_NAME = AppIcon;
				ASSETCATALOG_COMPILER_GLOBAL_ACCENT_COLOR_NAME = AccentColor;
				CODE_SIGN_STYLE = Automatic;
				CURRENT_PROJECT_VERSION = 1;
				DEVELOPMENT_TEAM = GQM8T6BKPB;
				GENERATE_INFOPLIST_FILE = YES;
				INFOPLIST_FILE = "ItunesSearch-App/Info.plist";
				INFOPLIST_KEY_UIApplicationSupportsIndirectInputEvents = YES;
				INFOPLIST_KEY_UILaunchStoryboardName = LaunchScreen;
				INFOPLIST_KEY_UIMainStoryboardFile = Search;
				INFOPLIST_KEY_UISupportedInterfaceOrientations = UIInterfaceOrientationPortrait;
				IPHONEOS_DEPLOYMENT_TARGET = 16.0;
				LD_RUNPATH_SEARCH_PATHS = (
					"$(inherited)",
					"@executable_path/Frameworks",
				);
				MARKETING_VERSION = 1.0;
				PRODUCT_BUNDLE_IDENTIFIER = "osman.sefa.ibis.ItunesSearch-App";
				PRODUCT_NAME = "$(TARGET_NAME)";
				SUPPORTED_PLATFORMS = "iphoneos iphonesimulator";
				SUPPORTS_MACCATALYST = NO;
				SUPPORTS_MAC_DESIGNED_FOR_IPHONE_IPAD = NO;
				SWIFT_EMIT_LOC_STRINGS = YES;
				SWIFT_VERSION = 5.0;
				TARGETED_DEVICE_FAMILY = 1;
			};
			name = Debug;
		};
		9694A92429E31C94000B010E /* Release */ = {
			isa = XCBuildConfiguration;
			buildSettings = {
				ASSETCATALOG_COMPILER_APPICON_NAME = AppIcon;
				ASSETCATALOG_COMPILER_GLOBAL_ACCENT_COLOR_NAME = AccentColor;
				CODE_SIGN_STYLE = Automatic;
				CURRENT_PROJECT_VERSION = 1;
				DEVELOPMENT_TEAM = GQM8T6BKPB;
				GENERATE_INFOPLIST_FILE = YES;
				INFOPLIST_FILE = "ItunesSearch-App/Info.plist";
				INFOPLIST_KEY_UIApplicationSupportsIndirectInputEvents = YES;
				INFOPLIST_KEY_UILaunchStoryboardName = LaunchScreen;
				INFOPLIST_KEY_UIMainStoryboardFile = Search;
				INFOPLIST_KEY_UISupportedInterfaceOrientations = UIInterfaceOrientationPortrait;
				IPHONEOS_DEPLOYMENT_TARGET = 16.0;
				LD_RUNPATH_SEARCH_PATHS = (
					"$(inherited)",
					"@executable_path/Frameworks",
				);
				MARKETING_VERSION = 1.0;
				PRODUCT_BUNDLE_IDENTIFIER = "osman.sefa.ibis.ItunesSearch-App";
				PRODUCT_NAME = "$(TARGET_NAME)";
				SUPPORTED_PLATFORMS = "iphoneos iphonesimulator";
				SUPPORTS_MACCATALYST = NO;
				SUPPORTS_MAC_DESIGNED_FOR_IPHONE_IPAD = NO;
				SWIFT_EMIT_LOC_STRINGS = YES;
				SWIFT_VERSION = 5.0;
				TARGETED_DEVICE_FAMILY = 1;
			};
			name = Release;
		};
/* End XCBuildConfiguration section */

/* Begin XCConfigurationList section */
		961F13FD2A3747A300BF9A7C /* Build configuration list for PBXNativeTarget "ItunesSearch-AppTests" */ = {
			isa = XCConfigurationList;
			buildConfigurations = (
				961F13FB2A3747A300BF9A7C /* Debug */,
				961F13FC2A3747A300BF9A7C /* Release */,
			);
			defaultConfigurationIsVisible = 0;
			defaultConfigurationName = Release;
		};
		9694A90929E31C93000B010E /* Build configuration list for PBXProject "ItunesSearch-App" */ = {
			isa = XCConfigurationList;
			buildConfigurations = (
				9694A92029E31C94000B010E /* Debug */,
				9694A92129E31C94000B010E /* Release */,
			);
			defaultConfigurationIsVisible = 0;
			defaultConfigurationName = Release;
		};
		9694A92229E31C94000B010E /* Build configuration list for PBXNativeTarget "ItunesSearch-App" */ = {
			isa = XCConfigurationList;
			buildConfigurations = (
				9694A92329E31C94000B010E /* Debug */,
				9694A92429E31C94000B010E /* Release */,
			);
			defaultConfigurationIsVisible = 0;
			defaultConfigurationName = Release;
		};
/* End XCConfigurationList section */

/* Begin XCRemoteSwiftPackageReference section */
		96E83D1C29E65BBD001B517E /* XCRemoteSwiftPackageReference "Kingfisher" */ = {
			isa = XCRemoteSwiftPackageReference;
			repositoryURL = "https://github.com/onevcat/Kingfisher";
			requirement = {
				kind = upToNextMajorVersion;
				minimumVersion = 7.0.0;
			};
		};
/* End XCRemoteSwiftPackageReference section */

/* Begin XCSwiftPackageProductDependency section */
		96E83D1D29E65BBD001B517E /* Kingfisher */ = {
			isa = XCSwiftPackageProductDependency;
			package = 96E83D1C29E65BBD001B517E /* XCRemoteSwiftPackageReference "Kingfisher" */;
			productName = Kingfisher;
		};
/* End XCSwiftPackageProductDependency section */
	};
	rootObject = 9694A90629E31C93000B010E /* Project object */;
}
