// !$*UTF8*$!
{
	archiveVersion = 1;
	classes = {
	};
	objectVersion = 56;
	objects = {

/* Begin PBXBuildFile section */
		967395CE29E9D94900D3403F /* SearchViewModel.swift in Sources */ = {isa = PBXBuildFile; fileRef = 967395CD29E9D94900D3403F /* SearchViewModel.swift */; };
		967395D129EAB76E00D3403F /* Category.swift in Sources */ = {isa = PBXBuildFile; fileRef = 967395D029EAB76E00D3403F /* Category.swift */; };
		967395D629EB268C00D3403F /* SearchCellModel.swift in Sources */ = {isa = PBXBuildFile; fileRef = 967395D529EB268C00D3403F /* SearchCellModel.swift */; };
		967395D929EB26D900D3403F /* Globals.swift in Sources */ = {isa = PBXBuildFile; fileRef = 967395D829EB26D900D3403F /* Globals.swift */; };
		9694A91229E31C93000B010E /* AppDelegate.swift in Sources */ = {isa = PBXBuildFile; fileRef = 9694A91129E31C93000B010E /* AppDelegate.swift */; };
		9694A91629E31C93000B010E /* SearchView.swift in Sources */ = {isa = PBXBuildFile; fileRef = 9694A91529E31C93000B010E /* SearchView.swift */; };
		9694A91929E31C93000B010E /* Main.storyboard in Resources */ = {isa = PBXBuildFile; fileRef = 9694A91729E31C93000B010E /* Main.storyboard */; };
		9694A91B29E31C94000B010E /* Assets.xcassets in Resources */ = {isa = PBXBuildFile; fileRef = 9694A91A29E31C94000B010E /* Assets.xcassets */; };
		9694A91E29E31C94000B010E /* LaunchScreen.storyboard in Resources */ = {isa = PBXBuildFile; fileRef = 9694A91C29E31C94000B010E /* LaunchScreen.storyboard */; };
		96B5868529EDD06D004F5B27 /* DetailModel.swift in Sources */ = {isa = PBXBuildFile; fileRef = 96B5868429EDD06D004F5B27 /* DetailModel.swift */; };
		96B5868729EDD1FE004F5B27 /* DetailViewModel.swift in Sources */ = {isa = PBXBuildFile; fileRef = 96B5868629EDD1FE004F5B27 /* DetailViewModel.swift */; };
		96B5868929EDD20E004F5B27 /* DetailView.swift in Sources */ = {isa = PBXBuildFile; fileRef = 96B5868829EDD20E004F5B27 /* DetailView.swift */; };
		96B5868B29EDD2FE004F5B27 /* DetailData.swift in Sources */ = {isa = PBXBuildFile; fileRef = 96B5868A29EDD2FE004F5B27 /* DetailData.swift */; };
		96E83D1B29E65BA7001B517E /* Alamofire in Frameworks */ = {isa = PBXBuildFile; productRef = 96E83D1A29E65BA7001B517E /* Alamofire */; };
		96E83D1E29E65BBD001B517E /* Kingfisher in Frameworks */ = {isa = PBXBuildFile; productRef = 96E83D1D29E65BBD001B517E /* Kingfisher */; };
		96E83D2129E6BBA3001B517E /* Lottie in Frameworks */ = {isa = PBXBuildFile; productRef = 96E83D2029E6BBA3001B517E /* Lottie */; };
		96E83D2429E6BC33001B517E /* SnapKit in Frameworks */ = {isa = PBXBuildFile; productRef = 96E83D2329E6BC33001B517E /* SnapKit */; };
		96E83D2B29E71816001B517E /* SearchData.swift in Sources */ = {isa = PBXBuildFile; fileRef = 96E83D2A29E71816001B517E /* SearchData.swift */; };
		96E83D3329E71C02001B517E /* SearchModel.swift in Sources */ = {isa = PBXBuildFile; fileRef = 96E83D3229E71C02001B517E /* SearchModel.swift */; };
		96E83D3B29E90EA2001B517E /* SearchCell.swift in Sources */ = {isa = PBXBuildFile; fileRef = 96E83D3929E90EA2001B517E /* SearchCell.swift */; };
		96E83D3C29E90EA2001B517E /* SearchCell.xib in Resources */ = {isa = PBXBuildFile; fileRef = 96E83D3A29E90EA2001B517E /* SearchCell.xib */; };
		96E83D3F29E93CDA001B517E /* Api.swift in Sources */ = {isa = PBXBuildFile; fileRef = 96E83D3E29E93CDA001B517E /* Api.swift */; };
/* End PBXBuildFile section */

/* Begin PBXFileReference section */
		967395CD29E9D94900D3403F /* SearchViewModel.swift */ = {isa = PBXFileReference; lastKnownFileType = sourcecode.swift; path = SearchViewModel.swift; sourceTree = "<group>"; };
		967395D029EAB76E00D3403F /* Category.swift */ = {isa = PBXFileReference; lastKnownFileType = sourcecode.swift; path = Category.swift; sourceTree = "<group>"; };
		967395D529EB268C00D3403F /* SearchCellModel.swift */ = {isa = PBXFileReference; lastKnownFileType = sourcecode.swift; path = SearchCellModel.swift; sourceTree = "<group>"; };
		967395D829EB26D900D3403F /* Globals.swift */ = {isa = PBXFileReference; lastKnownFileType = sourcecode.swift; path = Globals.swift; sourceTree = "<group>"; };
		9694A90E29E31C93000B010E /* ItunesSearch-App.app */ = {isa = PBXFileReference; explicitFileType = wrapper.application; includeInIndex = 0; path = "ItunesSearch-App.app"; sourceTree = BUILT_PRODUCTS_DIR; };
		9694A91129E31C93000B010E /* AppDelegate.swift */ = {isa = PBXFileReference; lastKnownFileType = sourcecode.swift; path = AppDelegate.swift; sourceTree = "<group>"; };
		9694A91529E31C93000B010E /* SearchView.swift */ = {isa = PBXFileReference; lastKnownFileType = sourcecode.swift; path = SearchView.swift; sourceTree = "<group>"; };
		9694A91829E31C93000B010E /* Base */ = {isa = PBXFileReference; lastKnownFileType = file.storyboard; name = Base; path = Base.lproj/Main.storyboard; sourceTree = "<group>"; };
		9694A91A29E31C94000B010E /* Assets.xcassets */ = {isa = PBXFileReference; lastKnownFileType = folder.assetcatalog; path = Assets.xcassets; sourceTree = "<group>"; };
		9694A91D29E31C94000B010E /* Base */ = {isa = PBXFileReference; lastKnownFileType = file.storyboard; name = Base; path = Base.lproj/LaunchScreen.storyboard; sourceTree = "<group>"; };
		9694A91F29E31C94000B010E /* Info.plist */ = {isa = PBXFileReference; lastKnownFileType = text.plist.xml; path = Info.plist; sourceTree = "<group>"; };
		96B5868429EDD06D004F5B27 /* DetailModel.swift */ = {isa = PBXFileReference; lastKnownFileType = sourcecode.swift; path = DetailModel.swift; sourceTree = "<group>"; };
		96B5868629EDD1FE004F5B27 /* DetailViewModel.swift */ = {isa = PBXFileReference; lastKnownFileType = sourcecode.swift; path = DetailViewModel.swift; sourceTree = "<group>"; };
		96B5868829EDD20E004F5B27 /* DetailView.swift */ = {isa = PBXFileReference; lastKnownFileType = sourcecode.swift; path = DetailView.swift; sourceTree = "<group>"; };
		96B5868A29EDD2FE004F5B27 /* DetailData.swift */ = {isa = PBXFileReference; lastKnownFileType = sourcecode.swift; path = DetailData.swift; sourceTree = "<group>"; };
		96E83D0829E5D7BC001B517E /* Itunes Search App.jpg */ = {isa = PBXFileReference; lastKnownFileType = image.jpeg; path = "Itunes Search App.jpg"; sourceTree = "<group>"; };
		96E83D2A29E71816001B517E /* SearchData.swift */ = {isa = PBXFileReference; lastKnownFileType = sourcecode.swift; path = SearchData.swift; sourceTree = "<group>"; };
		96E83D3229E71C02001B517E /* SearchModel.swift */ = {isa = PBXFileReference; lastKnownFileType = sourcecode.swift; path = SearchModel.swift; sourceTree = "<group>"; };
		96E83D3929E90EA2001B517E /* SearchCell.swift */ = {isa = PBXFileReference; lastKnownFileType = sourcecode.swift; path = SearchCell.swift; sourceTree = "<group>"; };
		96E83D3A29E90EA2001B517E /* SearchCell.xib */ = {isa = PBXFileReference; lastKnownFileType = file.xib; path = SearchCell.xib; sourceTree = "<group>"; };
		96E83D3E29E93CDA001B517E /* Api.swift */ = {isa = PBXFileReference; lastKnownFileType = sourcecode.swift; path = Api.swift; sourceTree = "<group>"; };
/* End PBXFileReference section */

/* Begin PBXFrameworksBuildPhase section */
		9694A90B29E31C93000B010E /* Frameworks */ = {
			isa = PBXFrameworksBuildPhase;
			buildActionMask = 2147483647;
			files = (
				96E83D1E29E65BBD001B517E /* Kingfisher in Frameworks */,
				96E83D2429E6BC33001B517E /* SnapKit in Frameworks */,
				96E83D1B29E65BA7001B517E /* Alamofire in Frameworks */,
				96E83D2129E6BBA3001B517E /* Lottie in Frameworks */,
			);
			runOnlyForDeploymentPostprocessing = 0;
		};
/* End PBXFrameworksBuildPhase section */

/* Begin PBXGroup section */
		967395CF29EAB73100D3403F /* Enums */ = {
			isa = PBXGroup;
			children = (
				967395D029EAB76E00D3403F /* Category.swift */,
			);
			path = Enums;
			sourceTree = "<group>";
		};
		967395D729EB26B500D3403F /* Global */ = {
			isa = PBXGroup;
			children = (
				967395D829EB26D900D3403F /* Globals.swift */,
			);
			path = Global;
			sourceTree = "<group>";
		};
		9694A90529E31C93000B010E = {
			isa = PBXGroup;
			children = (
				9694A91029E31C93000B010E /* ItunesSearch-App */,
				9694A90F29E31C93000B010E /* Products */,
			);
			sourceTree = "<group>";
		};
		9694A90F29E31C93000B010E /* Products */ = {
			isa = PBXGroup;
			children = (
				9694A90E29E31C93000B010E /* ItunesSearch-App.app */,
			);
			name = Products;
			sourceTree = "<group>";
		};
		9694A91029E31C93000B010E /* ItunesSearch-App */ = {
			isa = PBXGroup;
			children = (
				9694A91129E31C93000B010E /* AppDelegate.swift */,
				9694A91C29E31C94000B010E /* LaunchScreen.storyboard */,
				9694A91A29E31C94000B010E /* Assets.xcassets */,
				9694A91F29E31C94000B010E /* Info.plist */,
				96E83D3D29E93C5B001B517E /* Screens */,
				967395CF29EAB73100D3403F /* Enums */,
				967395D729EB26B500D3403F /* Global */,
				96E83D1629E65B26001B517E /* Utils */,
				96E83D0729E5D7BC001B517E /* Figma */,
			);
			path = "ItunesSearch-App";
			sourceTree = "<group>";
		};
		96B5868C29EDD307004F5B27 /* DataModels */ = {
			isa = PBXGroup;
			children = (
				96B5868A29EDD2FE004F5B27 /* DetailData.swift */,
				96E83D2A29E71816001B517E /* SearchData.swift */,
			);
			path = DataModels;
			sourceTree = "<group>";
		};
		96E83D0729E5D7BC001B517E /* Figma */ = {
			isa = PBXGroup;
			children = (
				96E83D0829E5D7BC001B517E /* Itunes Search App.jpg */,
			);
			path = Figma;
			sourceTree = "<group>";
		};
		96E83D0C29E5DA2A001B517E /* Model */ = {
			isa = PBXGroup;
			children = (
				96E83D3229E71C02001B517E /* SearchModel.swift */,
				96B5868429EDD06D004F5B27 /* DetailModel.swift */,
			);
			path = Model;
			sourceTree = "<group>";
		};
		96E83D0D29E5DA32001B517E /* View */ = {
			isa = PBXGroup;
			children = (
				9694A91729E31C93000B010E /* Main.storyboard */,
				96E83D1729E65B57001B517E /* Search */,
			);
			path = View;
			sourceTree = "<group>";
		};
		96E83D0E29E5DA40001B517E /* ViewModel */ = {
			isa = PBXGroup;
			children = (
				967395CD29E9D94900D3403F /* SearchViewModel.swift */,
				96B5868629EDD1FE004F5B27 /* DetailViewModel.swift */,
			);
			path = ViewModel;
			sourceTree = "<group>";
		};
		96E83D1629E65B26001B517E /* Utils */ = {
			isa = PBXGroup;
			children = (
				96B5868C29EDD307004F5B27 /* DataModels */,
				96E83D3E29E93CDA001B517E /* Api.swift */,
				967395D529EB268C00D3403F /* SearchCellModel.swift */,
			);
			path = Utils;
			sourceTree = "<group>";
		};
		96E83D1729E65B57001B517E /* Search */ = {
			isa = PBXGroup;
			children = (
				96E83D3629E90E41001B517E /* SearchCell */,
				9694A91529E31C93000B010E /* SearchView.swift */,
				96B5868829EDD20E004F5B27 /* DetailView.swift */,
			);
			path = Search;
			sourceTree = "<group>";
		};
		96E83D3629E90E41001B517E /* SearchCell */ = {
			isa = PBXGroup;
			children = (
				96E83D3929E90EA2001B517E /* SearchCell.swift */,
				96E83D3A29E90EA2001B517E /* SearchCell.xib */,
			);
			path = SearchCell;
			sourceTree = "<group>";
		};
		96E83D3D29E93C5B001B517E /* Screens */ = {
			isa = PBXGroup;
			children = (
				96E83D0C29E5DA2A001B517E /* Model */,
				96E83D0E29E5DA40001B517E /* ViewModel */,
				96E83D0D29E5DA32001B517E /* View */,
			);
			path = Screens;
			sourceTree = "<group>";
		};
/* End PBXGroup section */

/* Begin PBXNativeTarget section */
		9694A90D29E31C93000B010E /* ItunesSearch-App */ = {
			isa = PBXNativeTarget;
			buildConfigurationList = 9694A92229E31C94000B010E /* Build configuration list for PBXNativeTarget "ItunesSearch-App" */;
			buildPhases = (
				9694A90A29E31C93000B010E /* Sources */,
				9694A90B29E31C93000B010E /* Frameworks */,
				9694A90C29E31C93000B010E /* Resources */,
			);
			buildRules = (
			);
			dependencies = (
			);
			name = "ItunesSearch-App";
			packageProductDependencies = (
				96E83D1A29E65BA7001B517E /* Alamofire */,
				96E83D1D29E65BBD001B517E /* Kingfisher */,
				96E83D2029E6BBA3001B517E /* Lottie */,
				96E83D2329E6BC33001B517E /* SnapKit */,
			);
			productName = "ItunesSearch-App";
			productReference = 9694A90E29E31C93000B010E /* ItunesSearch-App.app */;
			productType = "com.apple.product-type.application";
		};
/* End PBXNativeTarget section */

/* Begin PBXProject section */
		9694A90629E31C93000B010E /* Project object */ = {
			isa = PBXProject;
			attributes = {
				BuildIndependentTargetsInParallel = 1;
				LastSwiftUpdateCheck = 1430;
				LastUpgradeCheck = 1430;
				TargetAttributes = {
					9694A90D29E31C93000B010E = {
						CreatedOnToolsVersion = 14.3;
					};
				};
			};
			buildConfigurationList = 9694A90929E31C93000B010E /* Build configuration list for PBXProject "ItunesSearch-App" */;
			compatibilityVersion = "Xcode 14.0";
			developmentRegion = en;
			hasScannedForEncodings = 0;
			knownRegions = (
				en,
				Base,
			);
			mainGroup = 9694A90529E31C93000B010E;
			packageReferences = (
				96E83D1929E65BA7001B517E /* XCRemoteSwiftPackageReference "Alamofire" */,
				96E83D1C29E65BBD001B517E /* XCRemoteSwiftPackageReference "Kingfisher" */,
				96E83D1F29E6BBA3001B517E /* XCRemoteSwiftPackageReference "lottie-ios" */,
				96E83D2229E6BC33001B517E /* XCRemoteSwiftPackageReference "SnapKit" */,
			);
			productRefGroup = 9694A90F29E31C93000B010E /* Products */;
			projectDirPath = "";
			projectRoot = "";
			targets = (
				9694A90D29E31C93000B010E /* ItunesSearch-App */,
			);
		};
/* End PBXProject section */

/* Begin PBXResourcesBuildPhase section */
		9694A90C29E31C93000B010E /* Resources */ = {
			isa = PBXResourcesBuildPhase;
			buildActionMask = 2147483647;
			files = (
				9694A91E29E31C94000B010E /* LaunchScreen.storyboard in Resources */,
				96E83D3C29E90EA2001B517E /* SearchCell.xib in Resources */,
				9694A91B29E31C94000B010E /* Assets.xcassets in Resources */,
				9694A91929E31C93000B010E /* Main.storyboard in Resources */,
			);
			runOnlyForDeploymentPostprocessing = 0;
		};
/* End PBXResourcesBuildPhase section */

/* Begin PBXSourcesBuildPhase section */
		9694A90A29E31C93000B010E /* Sources */ = {
			isa = PBXSourcesBuildPhase;
			buildActionMask = 2147483647;
			files = (
				967395D629EB268C00D3403F /* SearchCellModel.swift in Sources */,
				96E83D2B29E71816001B517E /* SearchData.swift in Sources */,
				967395CE29E9D94900D3403F /* SearchViewModel.swift in Sources */,
				9694A91629E31C93000B010E /* SearchView.swift in Sources */,
				96B5868B29EDD2FE004F5B27 /* DetailData.swift in Sources */,
				96E83D3329E71C02001B517E /* SearchModel.swift in Sources */,
				96E83D3F29E93CDA001B517E /* Api.swift in Sources */,
				96E83D3B29E90EA2001B517E /* SearchCell.swift in Sources */,
				96B5868929EDD20E004F5B27 /* DetailView.swift in Sources */,
				96B5868729EDD1FE004F5B27 /* DetailViewModel.swift in Sources */,
				9694A91229E31C93000B010E /* AppDelegate.swift in Sources */,
				967395D929EB26D900D3403F /* Globals.swift in Sources */,
				96B5868529EDD06D004F5B27 /* DetailModel.swift in Sources */,
				967395D129EAB76E00D3403F /* Category.swift in Sources */,
			);
			runOnlyForDeploymentPostprocessing = 0;
		};
/* End PBXSourcesBuildPhase section */

/* Begin PBXVariantGroup section */
		9694A91729E31C93000B010E /* Main.storyboard */ = {
			isa = PBXVariantGroup;
			children = (
				9694A91829E31C93000B010E /* Base */,
			);
			name = Main.storyboard;
			sourceTree = "<group>";
		};
		9694A91C29E31C94000B010E /* LaunchScreen.storyboard */ = {
			isa = PBXVariantGroup;
			children = (
				9694A91D29E31C94000B010E /* Base */,
			);
			name = LaunchScreen.storyboard;
			sourceTree = "<group>";
		};
/* End PBXVariantGroup section */

/* Begin XCBuildConfiguration section */
		9694A92029E31C94000B010E /* Debug */ = {
			isa = XCBuildConfiguration;
			buildSettings = {
				ALWAYS_SEARCH_USER_PATHS = NO;
				CLANG_ANALYZER_NONNULL = YES;
				CLANG_ANALYZER_NUMBER_OBJECT_CONVERSION = YES_AGGRESSIVE;
				CLANG_CXX_LANGUAGE_STANDARD = "gnu++20";
				CLANG_ENABLE_MODULES = YES;
				CLANG_ENABLE_OBJC_ARC = YES;
				CLANG_ENABLE_OBJC_WEAK = YES;
				CLANG_WARN_BLOCK_CAPTURE_AUTORELEASING = YES;
				CLANG_WARN_BOOL_CONVERSION = YES;
				CLANG_WARN_COMMA = YES;
				CLANG_WARN_CONSTANT_CONVERSION = YES;
				CLANG_WARN_DEPRECATED_OBJC_IMPLEMENTATIONS = YES;
				CLANG_WARN_DIRECT_OBJC_ISA_USAGE = YES_ERROR;
				CLANG_WARN_DOCUMENTATION_COMMENTS = YES;
				CLANG_WARN_EMPTY_BODY = YES;
				CLANG_WARN_ENUM_CONVERSION = YES;
				CLANG_WARN_INFINITE_RECURSION = YES;
				CLANG_WARN_INT_CONVERSION = YES;
				CLANG_WARN_NON_LITERAL_NULL_CONVERSION = YES;
				CLANG_WARN_OBJC_IMPLICIT_RETAIN_SELF = YES;
				CLANG_WARN_OBJC_LITERAL_CONVERSION = YES;
				CLANG_WARN_OBJC_ROOT_CLASS = YES_ERROR;
				CLANG_WARN_QUOTED_INCLUDE_IN_FRAMEWORK_HEADER = YES;
				CLANG_WARN_RANGE_LOOP_ANALYSIS = YES;
				CLANG_WARN_STRICT_PROTOTYPES = YES;
				CLANG_WARN_SUSPICIOUS_MOVE = YES;
				CLANG_WARN_UNGUARDED_AVAILABILITY = YES_AGGRESSIVE;
				CLANG_WARN_UNREACHABLE_CODE = YES;
				CLANG_WARN__DUPLICATE_METHOD_MATCH = YES;
				COPY_PHASE_STRIP = NO;
				DEBUG_INFORMATION_FORMAT = dwarf;
				ENABLE_STRICT_OBJC_MSGSEND = YES;
				ENABLE_TESTABILITY = YES;
				GCC_C_LANGUAGE_STANDARD = gnu11;
				GCC_DYNAMIC_NO_PIC = NO;
				GCC_NO_COMMON_BLOCKS = YES;
				GCC_OPTIMIZATION_LEVEL = 0;
				GCC_PREPROCESSOR_DEFINITIONS = (
					"DEBUG=1",
					"$(inherited)",
				);
				GCC_WARN_64_TO_32_BIT_CONVERSION = YES;
				GCC_WARN_ABOUT_RETURN_TYPE = YES_ERROR;
				GCC_WARN_UNDECLARED_SELECTOR = YES;
				GCC_WARN_UNINITIALIZED_AUTOS = YES_AGGRESSIVE;
				GCC_WARN_UNUSED_FUNCTION = YES;
				GCC_WARN_UNUSED_VARIABLE = YES;
				IPHONEOS_DEPLOYMENT_TARGET = 16.4;
				MTL_ENABLE_DEBUG_INFO = INCLUDE_SOURCE;
				MTL_FAST_MATH = YES;
				ONLY_ACTIVE_ARCH = YES;
				SDKROOT = iphoneos;
				SWIFT_ACTIVE_COMPILATION_CONDITIONS = DEBUG;
				SWIFT_OPTIMIZATION_LEVEL = "-Onone";
			};
			name = Debug;
		};
		9694A92129E31C94000B010E /* Release */ = {
			isa = XCBuildConfiguration;
			buildSettings = {
				ALWAYS_SEARCH_USER_PATHS = NO;
				CLANG_ANALYZER_NONNULL = YES;
				CLANG_ANALYZER_NUMBER_OBJECT_CONVERSION = YES_AGGRESSIVE;
				CLANG_CXX_LANGUAGE_STANDARD = "gnu++20";
				CLANG_ENABLE_MODULES = YES;
				CLANG_ENABLE_OBJC_ARC = YES;
				CLANG_ENABLE_OBJC_WEAK = YES;
				CLANG_WARN_BLOCK_CAPTURE_AUTORELEASING = YES;
				CLANG_WARN_BOOL_CONVERSION = YES;
				CLANG_WARN_COMMA = YES;
				CLANG_WARN_CONSTANT_CONVERSION = YES;
				CLANG_WARN_DEPRECATED_OBJC_IMPLEMENTATIONS = YES;
				CLANG_WARN_DIRECT_OBJC_ISA_USAGE = YES_ERROR;
				CLANG_WARN_DOCUMENTATION_COMMENTS = YES;
				CLANG_WARN_EMPTY_BODY = YES;
				CLANG_WARN_ENUM_CONVERSION = YES;
				CLANG_WARN_INFINITE_RECURSION = YES;
				CLANG_WARN_INT_CONVERSION = YES;
				CLANG_WARN_NON_LITERAL_NULL_CONVERSION = YES;
				CLANG_WARN_OBJC_IMPLICIT_RETAIN_SELF = YES;
				CLANG_WARN_OBJC_LITERAL_CONVERSION = YES;
				CLANG_WARN_OBJC_ROOT_CLASS = YES_ERROR;
				CLANG_WARN_QUOTED_INCLUDE_IN_FRAMEWORK_HEADER = YES;
				CLANG_WARN_RANGE_LOOP_ANALYSIS = YES;
				CLANG_WARN_STRICT_PROTOTYPES = YES;
				CLANG_WARN_SUSPICIOUS_MOVE = YES;
				CLANG_WARN_UNGUARDED_AVAILABILITY = YES_AGGRESSIVE;
				CLANG_WARN_UNREACHABLE_CODE = YES;
				CLANG_WARN__DUPLICATE_METHOD_MATCH = YES;
				COPY_PHASE_STRIP = NO;
				DEBUG_INFORMATION_FORMAT = "dwarf-with-dsym";
				ENABLE_NS_ASSERTIONS = NO;
				ENABLE_STRICT_OBJC_MSGSEND = YES;
				GCC_C_LANGUAGE_STANDARD = gnu11;
				GCC_NO_COMMON_BLOCKS = YES;
				GCC_WARN_64_TO_32_BIT_CONVERSION = YES;
				GCC_WARN_ABOUT_RETURN_TYPE = YES_ERROR;
				GCC_WARN_UNDECLARED_SELECTOR = YES;
				GCC_WARN_UNINITIALIZED_AUTOS = YES_AGGRESSIVE;
				GCC_WARN_UNUSED_FUNCTION = YES;
				GCC_WARN_UNUSED_VARIABLE = YES;
				IPHONEOS_DEPLOYMENT_TARGET = 16.4;
				MTL_ENABLE_DEBUG_INFO = NO;
				MTL_FAST_MATH = YES;
				SDKROOT = iphoneos;
				SWIFT_COMPILATION_MODE = wholemodule;
				SWIFT_OPTIMIZATION_LEVEL = "-O";
				VALIDATE_PRODUCT = YES;
			};
			name = Release;
		};
		9694A92329E31C94000B010E /* Debug */ = {
			isa = XCBuildConfiguration;
			buildSettings = {
				ASSETCATALOG_COMPILER_APPICON_NAME = AppIcon;
				ASSETCATALOG_COMPILER_GLOBAL_ACCENT_COLOR_NAME = AccentColor;
				CODE_SIGN_STYLE = Automatic;
				CURRENT_PROJECT_VERSION = 1;
				DEVELOPMENT_TEAM = GQM8T6BKPB;
				GENERATE_INFOPLIST_FILE = YES;
				INFOPLIST_FILE = "ItunesSearch-App/Info.plist";
				INFOPLIST_KEY_UIApplicationSupportsIndirectInputEvents = YES;
				INFOPLIST_KEY_UILaunchStoryboardName = LaunchScreen;
				INFOPLIST_KEY_UIMainStoryboardFile = Main;
				INFOPLIST_KEY_UISupportedInterfaceOrientations_iPad = "UIInterfaceOrientationPortrait UIInterfaceOrientationPortraitUpsideDown UIInterfaceOrientationLandscapeLeft UIInterfaceOrientationLandscapeRight";
				INFOPLIST_KEY_UISupportedInterfaceOrientations_iPhone = "UIInterfaceOrientationPortrait UIInterfaceOrientationLandscapeLeft UIInterfaceOrientationLandscapeRight";
				IPHONEOS_DEPLOYMENT_TARGET = 16.0;
				LD_RUNPATH_SEARCH_PATHS = (
					"$(inherited)",
					"@executable_path/Frameworks",
				);
				MARKETING_VERSION = 1.0;
				PRODUCT_BUNDLE_IDENTIFIER = "osman.sefa.ibis.ItunesSearch-App";
				PRODUCT_NAME = "$(TARGET_NAME)";
				SWIFT_EMIT_LOC_STRINGS = YES;
				SWIFT_VERSION = 5.0;
				TARGETED_DEVICE_FAMILY = "1,2";
			};
			name = Debug;
		};
		9694A92429E31C94000B010E /* Release */ = {
			isa = XCBuildConfiguration;
			buildSettings = {
				ASSETCATALOG_COMPILER_APPICON_NAME = AppIcon;
				ASSETCATALOG_COMPILER_GLOBAL_ACCENT_COLOR_NAME = AccentColor;
				CODE_SIGN_STYLE = Automatic;
				CURRENT_PROJECT_VERSION = 1;
				DEVELOPMENT_TEAM = GQM8T6BKPB;
				GENERATE_INFOPLIST_FILE = YES;
				INFOPLIST_FILE = "ItunesSearch-App/Info.plist";
				INFOPLIST_KEY_UIApplicationSupportsIndirectInputEvents = YES;
				INFOPLIST_KEY_UILaunchStoryboardName = LaunchScreen;
				INFOPLIST_KEY_UIMainStoryboardFile = Main;
				INFOPLIST_KEY_UISupportedInterfaceOrientations_iPad = "UIInterfaceOrientationPortrait UIInterfaceOrientationPortraitUpsideDown UIInterfaceOrientationLandscapeLeft UIInterfaceOrientationLandscapeRight";
				INFOPLIST_KEY_UISupportedInterfaceOrientations_iPhone = "UIInterfaceOrientationPortrait UIInterfaceOrientationLandscapeLeft UIInterfaceOrientationLandscapeRight";
				IPHONEOS_DEPLOYMENT_TARGET = 16.0;
				LD_RUNPATH_SEARCH_PATHS = (
					"$(inherited)",
					"@executable_path/Frameworks",
				);
				MARKETING_VERSION = 1.0;
				PRODUCT_BUNDLE_IDENTIFIER = "osman.sefa.ibis.ItunesSearch-App";
				PRODUCT_NAME = "$(TARGET_NAME)";
				SWIFT_EMIT_LOC_STRINGS = YES;
				SWIFT_VERSION = 5.0;
				TARGETED_DEVICE_FAMILY = "1,2";
			};
			name = Release;
		};
/* End XCBuildConfiguration section */

/* Begin XCConfigurationList section */
		9694A90929E31C93000B010E /* Build configuration list for PBXProject "ItunesSearch-App" */ = {
			isa = XCConfigurationList;
			buildConfigurations = (
				9694A92029E31C94000B010E /* Debug */,
				9694A92129E31C94000B010E /* Release */,
			);
			defaultConfigurationIsVisible = 0;
			defaultConfigurationName = Release;
		};
		9694A92229E31C94000B010E /* Build configuration list for PBXNativeTarget "ItunesSearch-App" */ = {
			isa = XCConfigurationList;
			buildConfigurations = (
				9694A92329E31C94000B010E /* Debug */,
				9694A92429E31C94000B010E /* Release */,
			);
			defaultConfigurationIsVisible = 0;
			defaultConfigurationName = Release;
		};
/* End XCConfigurationList section */

/* Begin XCRemoteSwiftPackageReference section */
		96E83D1929E65BA7001B517E /* XCRemoteSwiftPackageReference "Alamofire" */ = {
			isa = XCRemoteSwiftPackageReference;
			repositoryURL = "https://github.com/Alamofire/Alamofire";
			requirement = {
				kind = upToNextMajorVersion;
				minimumVersion = 5.0.0;
			};
		};
		96E83D1C29E65BBD001B517E /* XCRemoteSwiftPackageReference "Kingfisher" */ = {
			isa = XCRemoteSwiftPackageReference;
			repositoryURL = "https://github.com/onevcat/Kingfisher";
			requirement = {
				kind = upToNextMajorVersion;
				minimumVersion = 7.0.0;
			};
		};
		96E83D1F29E6BBA3001B517E /* XCRemoteSwiftPackageReference "lottie-ios" */ = {
			isa = XCRemoteSwiftPackageReference;
			repositoryURL = "https://github.com/airbnb/lottie-ios";
			requirement = {
				kind = upToNextMajorVersion;
				minimumVersion = 4.0.0;
			};
		};
		96E83D2229E6BC33001B517E /* XCRemoteSwiftPackageReference "SnapKit" */ = {
			isa = XCRemoteSwiftPackageReference;
			repositoryURL = "https://github.com/SnapKit/SnapKit";
			requirement = {
				kind = upToNextMajorVersion;
				minimumVersion = 5.0.0;
			};
		};
/* End XCRemoteSwiftPackageReference section */

/* Begin XCSwiftPackageProductDependency section */
		96E83D1A29E65BA7001B517E /* Alamofire */ = {
			isa = XCSwiftPackageProductDependency;
			package = 96E83D1929E65BA7001B517E /* XCRemoteSwiftPackageReference "Alamofire" */;
			productName = Alamofire;
		};
		96E83D1D29E65BBD001B517E /* Kingfisher */ = {
			isa = XCSwiftPackageProductDependency;
			package = 96E83D1C29E65BBD001B517E /* XCRemoteSwiftPackageReference "Kingfisher" */;
			productName = Kingfisher;
		};
		96E83D2029E6BBA3001B517E /* Lottie */ = {
			isa = XCSwiftPackageProductDependency;
			package = 96E83D1F29E6BBA3001B517E /* XCRemoteSwiftPackageReference "lottie-ios" */;
			productName = Lottie;
		};
		96E83D2329E6BC33001B517E /* SnapKit */ = {
			isa = XCSwiftPackageProductDependency;
			package = 96E83D2229E6BC33001B517E /* XCRemoteSwiftPackageReference "SnapKit" */;
			productName = SnapKit;
		};
/* End XCSwiftPackageProductDependency section */
	};
	rootObject = 9694A90629E31C93000B010E /* Project object */;
}
